// !$*UTF8*$!
{
	archiveVersion = 1;
	classes = {
	};
	objectVersion = 46;
	objects = {

/* Begin PBXBuildFile section */
		051B1FCA9BBF84AA8E245778 /* Pods_BFramework_swift.framework in Frameworks */ = {isa = PBXBuildFile; fileRef = 2774CA59CF5658B49F6EB9E7 /* Pods_BFramework_swift.framework */; };
		7A654C251F14601900F91309 /* MMSegment.swift in Sources */ = {isa = PBXBuildFile; fileRef = 7A654C241F14601900F91309 /* MMSegment.swift */; };
		7A654C2A1F1468C600F91309 /* MQCountDownLabel.swift in Sources */ = {isa = PBXBuildFile; fileRef = 7A654C271F1468C600F91309 /* MQCountDownLabel.swift */; };
		7A654C2B1F1468C600F91309 /* MQCountDownLabelCountDownLabel+CountDown.swift in Sources */ = {isa = PBXBuildFile; fileRef = 7A654C281F1468C600F91309 /* MQCountDownLabelCountDownLabel+CountDown.swift */; };
		7A654C2C1F1468C600F91309 /* MQCountDownLabelCountDownLabel+Timer.swift in Sources */ = {isa = PBXBuildFile; fileRef = 7A654C291F1468C600F91309 /* MQCountDownLabelCountDownLabel+Timer.swift */; };
		7A6A354E1F062F0A000AB9D2 /* UITabBarController+MQ.swift in Sources */ = {isa = PBXBuildFile; fileRef = 7A6A354D1F062F0A000AB9D2 /* UITabBarController+MQ.swift */; };
		7A6BE7A41F04E36900A92196 /* Base64.m in Sources */ = {isa = PBXBuildFile; fileRef = 7A6BE7A31F04E36900A92196 /* Base64.m */; };
		7A6BE7A71F04E41A00A92196 /* libz.tbd in Frameworks */ = {isa = PBXBuildFile; fileRef = 7A6BE7A61F04E41A00A92196 /* libz.tbd */; };
		7A6D14261F0B36C400B30FD4 /* VC5.swift in Sources */ = {isa = PBXBuildFile; fileRef = 7A6D14211F0B36C400B30FD4 /* VC5.swift */; };
		7A6D14271F0B36C400B30FD4 /* VC5.xib in Resources */ = {isa = PBXBuildFile; fileRef = 7A6D14221F0B36C400B30FD4 /* VC5.xib */; };
		7A6D142A1F0B388C00B30FD4 /* MQRouter.swift in Sources */ = {isa = PBXBuildFile; fileRef = 7A6D14291F0B388C00B30FD4 /* MQRouter.swift */; };
		7A6D142C1F0B3E9700B30FD4 /* MQStructs.swift in Sources */ = {isa = PBXBuildFile; fileRef = 7A6D142B1F0B3E9700B30FD4 /* MQStructs.swift */; };
		7A6D142E1F0B3F3D00B30FD4 /* MQConfigValueProtocol.swift in Sources */ = {isa = PBXBuildFile; fileRef = 7A6D142D1F0B3F3D00B30FD4 /* MQConfigValueProtocol.swift */; };
		7A6D14301F0B411000B30FD4 /* UIDevice+MQ.swift in Sources */ = {isa = PBXBuildFile; fileRef = 7A6D142F1F0B411000B30FD4 /* UIDevice+MQ.swift */; };
		7A6D14321F0B416C00B30FD4 /* UIColor+MQ.swift in Sources */ = {isa = PBXBuildFile; fileRef = 7A6D14311F0B416C00B30FD4 /* UIColor+MQ.swift */; };
		7A6D14341F0B433000B30FD4 /* String+MQ.swift in Sources */ = {isa = PBXBuildFile; fileRef = 7A6D14331F0B433000B30FD4 /* String+MQ.swift */; };
		7A6D14371F0B43A800B30FD4 /* NSAttributedString+MQ.swift in Sources */ = {isa = PBXBuildFile; fileRef = 7A6D14351F0B43A800B30FD4 /* NSAttributedString+MQ.swift */; };
		7A6D14381F0B43A800B30FD4 /* NSObject+MQ.swift in Sources */ = {isa = PBXBuildFile; fileRef = 7A6D14361F0B43A800B30FD4 /* NSObject+MQ.swift */; };
		7A6D143D1F0B5A9F00B30FD4 /* MQAPI.swift in Sources */ = {isa = PBXBuildFile; fileRef = 7A6D14391F0B5A9F00B30FD4 /* MQAPI.swift */; };
		7A6D143E1F0B5A9F00B30FD4 /* MQAPIDataparse.swift in Sources */ = {isa = PBXBuildFile; fileRef = 7A6D143A1F0B5A9F00B30FD4 /* MQAPIDataparse.swift */; };
		7A6D143F1F0B5A9F00B30FD4 /* MQAPISign.swift in Sources */ = {isa = PBXBuildFile; fileRef = 7A6D143B1F0B5A9F00B30FD4 /* MQAPISign.swift */; };
		7A6D14401F0B5A9F00B30FD4 /* MQNetwork.swift in Sources */ = {isa = PBXBuildFile; fileRef = 7A6D143C1F0B5A9F00B30FD4 /* MQNetwork.swift */; };
		7A6D14421F0B5BBD00B30FD4 /* MQURLConst.swift in Sources */ = {isa = PBXBuildFile; fileRef = 7A6D14411F0B5BBD00B30FD4 /* MQURLConst.swift */; };
		7A6D14441F0B5CAB00B30FD4 /* NotificationCenter+MQ.swift in Sources */ = {isa = PBXBuildFile; fileRef = 7A6D14431F0B5CAB00B30FD4 /* NotificationCenter+MQ.swift */; };
		7A6D14481F0B5DA500B30FD4 /* MQNotificationNames.swift in Sources */ = {isa = PBXBuildFile; fileRef = 7A6D14471F0B5DA500B30FD4 /* MQNotificationNames.swift */; };
		7A6D144A1F0B5E0B00B30FD4 /* MQBase64Utils.swift in Sources */ = {isa = PBXBuildFile; fileRef = 7A6D14491F0B5E0B00B30FD4 /* MQBase64Utils.swift */; };
		7A6D14531F0B5F1F00B30FD4 /* MQUITextField.swift in Sources */ = {isa = PBXBuildFile; fileRef = 7A6D144B1F0B5F1F00B30FD4 /* MQUITextField.swift */; };
		7A6D14541F0B5F1F00B30FD4 /* MQUITextView.swift in Sources */ = {isa = PBXBuildFile; fileRef = 7A6D144C1F0B5F1F00B30FD4 /* MQUITextView.swift */; };
		7A6D14551F0B5F1F00B30FD4 /* UIFont+MQ.swift in Sources */ = {isa = PBXBuildFile; fileRef = 7A6D144D1F0B5F1F00B30FD4 /* UIFont+MQ.swift */; };
		7A6D14571F0B5F1F00B30FD4 /* UIImage+MQCropping.m in Sources */ = {isa = PBXBuildFile; fileRef = 7A6D14501F0B5F1F00B30FD4 /* UIImage+MQCropping.m */; };
		7A6D14581F0B5F1F00B30FD4 /* UIScrollView+MQRefresh.swift in Sources */ = {isa = PBXBuildFile; fileRef = 7A6D14511F0B5F1F00B30FD4 /* UIScrollView+MQRefresh.swift */; };
		7A6D14591F0B5F1F00B30FD4 /* UIView+MQFrame.swift in Sources */ = {isa = PBXBuildFile; fileRef = 7A6D14521F0B5F1F00B30FD4 /* UIView+MQFrame.swift */; };
		7A6D14661F0B6C0400B30FD4 /* MQAlertUtils.swift in Sources */ = {isa = PBXBuildFile; fileRef = 7A6D145B1F0B6C0400B30FD4 /* MQAlertUtils.swift */; };
		7A6D14671F0B6C0400B30FD4 /* MQAudioUtils.swift in Sources */ = {isa = PBXBuildFile; fileRef = 7A6D145C1F0B6C0400B30FD4 /* MQAudioUtils.swift */; };
		7A6D14681F0B6C0400B30FD4 /* MQButton.swift in Sources */ = {isa = PBXBuildFile; fileRef = 7A6D145D1F0B6C0400B30FD4 /* MQButton.swift */; };
		7A6D14691F0B6C0400B30FD4 /* MQCache.swift in Sources */ = {isa = PBXBuildFile; fileRef = 7A6D145E1F0B6C0400B30FD4 /* MQCache.swift */; };
		7A6D146A1F0B6C0400B30FD4 /* MQCommonUtils.swift in Sources */ = {isa = PBXBuildFile; fileRef = 7A6D145F1F0B6C0400B30FD4 /* MQCommonUtils.swift */; };
		7A6D146B1F0B6C0400B30FD4 /* MQDateUtils.swift in Sources */ = {isa = PBXBuildFile; fileRef = 7A6D14601F0B6C0400B30FD4 /* MQDateUtils.swift */; };
		7A6D146C1F0B6C0400B30FD4 /* MQDeletedView.swift in Sources */ = {isa = PBXBuildFile; fileRef = 7A6D14611F0B6C0400B30FD4 /* MQDeletedView.swift */; };
		7A6D146D1F0B6C0400B30FD4 /* MQDevice.swift in Sources */ = {isa = PBXBuildFile; fileRef = 7A6D14621F0B6C0400B30FD4 /* MQDevice.swift */; };
		7A6D146E1F0B6C0400B30FD4 /* MQImagePickerUtils.swift in Sources */ = {isa = PBXBuildFile; fileRef = 7A6D14631F0B6C0400B30FD4 /* MQImagePickerUtils.swift */; };
		7A6D146F1F0B6C0400B30FD4 /* MQLocationUtils.swift in Sources */ = {isa = PBXBuildFile; fileRef = 7A6D14641F0B6C0400B30FD4 /* MQLocationUtils.swift */; };
		7A6D14701F0B6C0400B30FD4 /* MQTintButton.swift in Sources */ = {isa = PBXBuildFile; fileRef = 7A6D14651F0B6C0400B30FD4 /* MQTintButton.swift */; };
		7A6D14721F0B6C6000B30FD4 /* UIViewController+MQ.swift in Sources */ = {isa = PBXBuildFile; fileRef = 7A6D14711F0B6C6000B30FD4 /* UIViewController+MQ.swift */; };
		7A6D14761F0B78DF00B30FD4 /* MQAutoScrollView.swift in Sources */ = {isa = PBXBuildFile; fileRef = 7A6D14751F0B78DF00B30FD4 /* MQAutoScrollView.swift */; };
		7A6D147B1F0B79C700B30FD4 /* Address.plist in Resources */ = {isa = PBXBuildFile; fileRef = 7A6D14781F0B79C700B30FD4 /* Address.plist */; };
		7A6D147C1F0B79C700B30FD4 /* MQAddressCache.swift in Sources */ = {isa = PBXBuildFile; fileRef = 7A6D14791F0B79C700B30FD4 /* MQAddressCache.swift */; };
		7A6D147D1F0B79C700B30FD4 /* MQAddressView.swift in Sources */ = {isa = PBXBuildFile; fileRef = 7A6D147A1F0B79C700B30FD4 /* MQAddressView.swift */; };
		7A6D14821F0B7A9A00B30FD4 /* MQCityModel.swift in Sources */ = {isa = PBXBuildFile; fileRef = 7A6D147E1F0B7A9A00B30FD4 /* MQCityModel.swift */; };
		7A6D14831F0B7A9A00B30FD4 /* MQCountryModel.swift in Sources */ = {isa = PBXBuildFile; fileRef = 7A6D147F1F0B7A9A00B30FD4 /* MQCountryModel.swift */; };
		7A6D14841F0B7A9A00B30FD4 /* MQParishModel.swift in Sources */ = {isa = PBXBuildFile; fileRef = 7A6D14801F0B7A9A00B30FD4 /* MQParishModel.swift */; };
		7A6D14851F0B7A9A00B30FD4 /* MQProvinceModel.swift in Sources */ = {isa = PBXBuildFile; fileRef = 7A6D14811F0B7A9A00B30FD4 /* MQProvinceModel.swift */; };
		7A6D148B1F0B7FCC00B30FD4 /* libsqlite3.0.tbd in Frameworks */ = {isa = PBXBuildFile; fileRef = 7A6D148A1F0B7FCC00B30FD4 /* libsqlite3.0.tbd */; };
		7A6D14B01F0B8BC900B30FD4 /* MQDateSelectUtils.swift in Sources */ = {isa = PBXBuildFile; fileRef = 7A6D148F1F0B8BC900B30FD4 /* MQDateSelectUtils.swift */; };
		7A6D14B11F0B8BC900B30FD4 /* MQDateSelectUtils.xib in Resources */ = {isa = PBXBuildFile; fileRef = 7A6D14901F0B8BC900B30FD4 /* MQDateSelectUtils.xib */; };
		7A6D14B21F0B8BC900B30FD4 /* MQEmptyView.swift in Sources */ = {isa = PBXBuildFile; fileRef = 7A6D14921F0B8BC900B30FD4 /* MQEmptyView.swift */; };
		7A6D14B31F0B8BC900B30FD4 /* MQHUD.swift in Sources */ = {isa = PBXBuildFile; fileRef = 7A6D14941F0B8BC900B30FD4 /* MQHUD.swift */; };
		7A6D14B41F0B8BC900B30FD4 /* MQLineChartView.swift in Sources */ = {isa = PBXBuildFile; fileRef = 7A6D14961F0B8BC900B30FD4 /* MQLineChartView.swift */; };
		7A6D14B51F0B8BC900B30FD4 /* MQQRCodeScanViewController.swift in Sources */ = {isa = PBXBuildFile; fileRef = 7A6D14981F0B8BC900B30FD4 /* MQQRCodeScanViewController.swift */; };
		7A6D14B61F0B8BC900B30FD4 /* MQQRCodeScanViewController.xib in Resources */ = {isa = PBXBuildFile; fileRef = 7A6D14991F0B8BC900B30FD4 /* MQQRCodeScanViewController.xib */; };
		7A6D14B71F0B8BC900B30FD4 /* iconfont.ttf in Resources */ = {isa = PBXBuildFile; fileRef = 7A6D149B1F0B8BC900B30FD4 /* iconfont.ttf */; };
		7A6D14B81F0B8BC900B30FD4 /* MQCheck@2x.png in Resources */ = {isa = PBXBuildFile; fileRef = 7A6D149C1F0B8BC900B30FD4 /* MQCheck@2x.png */; };
		7A6D14B91F0B8BC900B30FD4 /* MQCheck@3x.png in Resources */ = {isa = PBXBuildFile; fileRef = 7A6D149D1F0B8BC900B30FD4 /* MQCheck@3x.png */; };
		7A6D14BA1F0B8BC900B30FD4 /* MQFailure@2x.png in Resources */ = {isa = PBXBuildFile; fileRef = 7A6D149E1F0B8BC900B30FD4 /* MQFailure@2x.png */; };
		7A6D14BB1F0B8BC900B30FD4 /* MQFailure@3x.png in Resources */ = {isa = PBXBuildFile; fileRef = 7A6D149F1F0B8BC900B30FD4 /* MQFailure@3x.png */; };
		7A6D14BC1F0B8BC900B30FD4 /* MQLoading@2x.png in Resources */ = {isa = PBXBuildFile; fileRef = 7A6D14A01F0B8BC900B30FD4 /* MQLoading@2x.png */; };
		7A6D14BD1F0B8BC900B30FD4 /* MQLoading@3x.png in Resources */ = {isa = PBXBuildFile; fileRef = 7A6D14A11F0B8BC900B30FD4 /* MQLoading@3x.png */; };
		7A6D14BE1F0B8BC900B30FD4 /* MQNoData@2x.png in Resources */ = {isa = PBXBuildFile; fileRef = 7A6D14A21F0B8BC900B30FD4 /* MQNoData@2x.png */; };
		7A6D14BF1F0B8BC900B30FD4 /* MQNoData@3x.png in Resources */ = {isa = PBXBuildFile; fileRef = 7A6D14A31F0B8BC900B30FD4 /* MQNoData@3x.png */; };
		7A6D14C01F0B8BC900B30FD4 /* MQNoNetwork@2x.png in Resources */ = {isa = PBXBuildFile; fileRef = 7A6D14A41F0B8BC900B30FD4 /* MQNoNetwork@2x.png */; };
		7A6D14C11F0B8BC900B30FD4 /* MQNoNetwork@3x.png in Resources */ = {isa = PBXBuildFile; fileRef = 7A6D14A51F0B8BC900B30FD4 /* MQNoNetwork@3x.png */; };
		7A6D14C21F0B8BC900B30FD4 /* MQSuccess@2x.png in Resources */ = {isa = PBXBuildFile; fileRef = 7A6D14A61F0B8BC900B30FD4 /* MQSuccess@2x.png */; };
		7A6D14C31F0B8BC900B30FD4 /* MQSuccess@3x.png in Resources */ = {isa = PBXBuildFile; fileRef = 7A6D14A71F0B8BC900B30FD4 /* MQSuccess@3x.png */; };
		7A6D14C41F0B8BC900B30FD4 /* MQSegment.swift in Sources */ = {isa = PBXBuildFile; fileRef = 7A6D14A91F0B8BC900B30FD4 /* MQSegment.swift */; };
		7A6D14C51F0B8BC900B30FD4 /* MQUIButton.swift in Sources */ = {isa = PBXBuildFile; fileRef = 7A6D14AB1F0B8BC900B30FD4 /* MQUIButton.swift */; };
		7A6D14C61F0B8BC900B30FD4 /* MQUIImageView.swift in Sources */ = {isa = PBXBuildFile; fileRef = 7A6D14AC1F0B8BC900B30FD4 /* MQUIImageView.swift */; };
		7A6D14C71F0B8BC900B30FD4 /* MQUILabel.swift in Sources */ = {isa = PBXBuildFile; fileRef = 7A6D14AD1F0B8BC900B30FD4 /* MQUILabel.swift */; };
		7A6D14C81F0B8BC900B30FD4 /* MQUIView.swift in Sources */ = {isa = PBXBuildFile; fileRef = 7A6D14AE1F0B8BC900B30FD4 /* MQUIView.swift */; };
		7A6D14CA1F0B8DAE00B30FD4 /* CommonIcon.xcassets in Resources */ = {isa = PBXBuildFile; fileRef = 7A6D14C91F0B8DAE00B30FD4 /* CommonIcon.xcassets */; };
		7A6D14CC1F0B900000B30FD4 /* MQClosure.swift in Sources */ = {isa = PBXBuildFile; fileRef = 7A6D14CB1F0B900000B30FD4 /* MQClosure.swift */; };
		7A6D14CE1F0B905000B30FD4 /* MQUIViewController.swift in Sources */ = {isa = PBXBuildFile; fileRef = 7A6D14CD1F0B905000B30FD4 /* MQUIViewController.swift */; };
		7A6D14D11F0B90B800B30FD4 /* UINavigationController+FDFullscreenPopGesture.m in Sources */ = {isa = PBXBuildFile; fileRef = 7A6D14D01F0B90B800B30FD4 /* UINavigationController+FDFullscreenPopGesture.m */; };
		7A6F812F1F0C8CEC005D9EBC /* MQDimmingPresentationController.swift in Sources */ = {isa = PBXBuildFile; fileRef = 7A6F812E1F0C8CEC005D9EBC /* MQDimmingPresentationController.swift */; };
		7A757FB51F03754A00CD6BC5 /* TabbarIcon.xcassets in Resources */ = {isa = PBXBuildFile; fileRef = 7A757FB41F03754A00CD6BC5 /* TabbarIcon.xcassets */; };
		7A7943B11F1750A300ABE042 /* MQSideFilterView.swift in Sources */ = {isa = PBXBuildFile; fileRef = 7A7943B01F1750A300ABE042 /* MQSideFilterView.swift */; };
		7A7943B31F1750E300ABE042 /* MQSideFilterView.xib in Resources */ = {isa = PBXBuildFile; fileRef = 7A7943B21F1750E300ABE042 /* MQSideFilterView.xib */; };
		7A7943B51F17559F00ABE042 /* MQSideFilterView+CLV.swift in Sources */ = {isa = PBXBuildFile; fileRef = 7A7943B41F17559F00ABE042 /* MQSideFilterView+CLV.swift */; };
		7A7943B71F17656C00ABE042 /* GoodsPropertiesCategory.swift in Sources */ = {isa = PBXBuildFile; fileRef = 7A7943B61F17656C00ABE042 /* GoodsPropertiesCategory.swift */; };
		7A7943B91F17659300ABE042 /* GoodsPropertiesChildrenCategory.swift in Sources */ = {isa = PBXBuildFile; fileRef = 7A7943B81F17659300ABE042 /* GoodsPropertiesChildrenCategory.swift */; };
		7A7E094C1F0248BD0072C968 /* AppDelegate.swift in Sources */ = {isa = PBXBuildFile; fileRef = 7A7E094B1F0248BD0072C968 /* AppDelegate.swift */; };
		7A7E09531F0248BD0072C968 /* Assets.xcassets in Resources */ = {isa = PBXBuildFile; fileRef = 7A7E09521F0248BD0072C968 /* Assets.xcassets */; };
		7A7E09561F0248BD0072C968 /* LaunchScreen.storyboard in Resources */ = {isa = PBXBuildFile; fileRef = 7A7E09541F0248BD0072C968 /* LaunchScreen.storyboard */; };
		7A7E09611F0248BD0072C968 /* BFramework_swiftTests.swift in Sources */ = {isa = PBXBuildFile; fileRef = 7A7E09601F0248BD0072C968 /* BFramework_swiftTests.swift */; };
		7A7E096C1F0248BD0072C968 /* BFramework_swiftUITests.swift in Sources */ = {isa = PBXBuildFile; fileRef = 7A7E096B1F0248BD0072C968 /* BFramework_swiftUITests.swift */; };
		7A7E09951F0257420072C968 /* VC3.swift in Sources */ = {isa = PBXBuildFile; fileRef = 7A7E09931F0257420072C968 /* VC3.swift */; };
		7A7E09961F0257420072C968 /* VC3.xib in Resources */ = {isa = PBXBuildFile; fileRef = 7A7E09941F0257420072C968 /* VC3.xib */; };
		7A7E09991F0257510072C968 /* VC4.swift in Sources */ = {isa = PBXBuildFile; fileRef = 7A7E09971F0257510072C968 /* VC4.swift */; };
		7A7E099A1F0257510072C968 /* VC4.xib in Resources */ = {isa = PBXBuildFile; fileRef = 7A7E09981F0257510072C968 /* VC4.xib */; };
		7A7E099D1F0257780072C968 /* VC1.swift in Sources */ = {isa = PBXBuildFile; fileRef = 7A7E099B1F0257780072C968 /* VC1.swift */; };
		7A7E099E1F0257780072C968 /* VC1.xib in Resources */ = {isa = PBXBuildFile; fileRef = 7A7E099C1F0257780072C968 /* VC1.xib */; };
		7A7E09A11F0257840072C968 /* VC2.swift in Sources */ = {isa = PBXBuildFile; fileRef = 7A7E099F1F0257840072C968 /* VC2.swift */; };
		7A7E09A21F0257840072C968 /* VC2.xib in Resources */ = {isa = PBXBuildFile; fileRef = 7A7E09A01F0257840072C968 /* VC2.xib */; };
		7A9CE1B11F0F5A0A000E957C /* Test01Controller.swift in Sources */ = {isa = PBXBuildFile; fileRef = 7A9CE1AF1F0F5A0A000E957C /* Test01Controller.swift */; };
		7A9CE1B21F0F5A0A000E957C /* Test01Controller.xib in Resources */ = {isa = PBXBuildFile; fileRef = 7A9CE1B01F0F5A0A000E957C /* Test01Controller.xib */; };
		7A9CE1B71F0F5AE6000E957C /* ChildrenController.swift in Sources */ = {isa = PBXBuildFile; fileRef = 7A9CE1B51F0F5AE6000E957C /* ChildrenController.swift */; };
		7A9CE1B81F0F5AE6000E957C /* ChildrenController.xib in Resources */ = {isa = PBXBuildFile; fileRef = 7A9CE1B61F0F5AE6000E957C /* ChildrenController.xib */; };
		7A9CE1BA1F0F5B77000E957C /* MQSegmentView.swift in Sources */ = {isa = PBXBuildFile; fileRef = 7A9CE1B91F0F5B77000E957C /* MQSegmentView.swift */; };
		7A9CE1C01F0F7965000E957C /* soundA.caf in Resources */ = {isa = PBXBuildFile; fileRef = 7A9CE1BF1F0F7965000E957C /* soundA.caf */; };
		7A9CE1C31F0F7C2D000E957C /* UIViewController+MQNavControl.swift in Sources */ = {isa = PBXBuildFile; fileRef = 7A9CE1C11F0F7C2D000E957C /* UIViewController+MQNavControl.swift */; };
		7A9CE1C71F0F8015000E957C /* MapViewController.swift in Sources */ = {isa = PBXBuildFile; fileRef = 7A9CE1C51F0F8015000E957C /* MapViewController.swift */; };
		7A9CE1C81F0F8015000E957C /* MapViewController.xib in Resources */ = {isa = PBXBuildFile; fileRef = 7A9CE1C61F0F8015000E957C /* MapViewController.xib */; };
		7AA6EB4B1F131D1F009322DE /* LoginViewController.swift in Sources */ = {isa = PBXBuildFile; fileRef = 7AA6EB491F131D1F009322DE /* LoginViewController.swift */; };
		7AA6EB4C1F131D1F009322DE /* LoginViewController.xib in Resources */ = {isa = PBXBuildFile; fileRef = 7AA6EB4A1F131D1F009322DE /* LoginViewController.xib */; };
		7AA6EB4E1F131D77009322DE /* UserLogin.swift in Sources */ = {isa = PBXBuildFile; fileRef = 7AA6EB4D1F131D77009322DE /* UserLogin.swift */; };
		7AA6EB511F131E20009322DE /* UserLoginCache.swift in Sources */ = {isa = PBXBuildFile; fileRef = 7AA6EB501F131E20009322DE /* UserLoginCache.swift */; };
		7AA6EB531F1372DD009322DE /* AppDelegate+RemoteNotice.swift in Sources */ = {isa = PBXBuildFile; fileRef = 7AA6EB521F1372DD009322DE /* AppDelegate+RemoteNotice.swift */; };
		7AA6EB5A1F1373D0009322DE /* libUMessage_Sdk_1.4.0.a in Frameworks */ = {isa = PBXBuildFile; fileRef = 7AA6EB561F1373D0009322DE /* libUMessage_Sdk_1.4.0.a */; };
		7AA6EB5B1F1373D0009322DE /* UMMobClick.framework in Frameworks */ = {isa = PBXBuildFile; fileRef = 7AA6EB591F1373D0009322DE /* UMMobClick.framework */; };
		7AA6EB5D1F137485009322DE /* MQRouter+RemoteNotification.swift in Sources */ = {isa = PBXBuildFile; fileRef = 7AA6EB5C1F137485009322DE /* MQRouter+RemoteNotification.swift */; };
		7AB490A01F13774F00E07E9E /* CoreTelephony.framework in Frameworks */ = {isa = PBXBuildFile; fileRef = 7AB4909F1F13774F00E07E9E /* CoreTelephony.framework */; };
		7AB490A21F137E5600E07E9E /* StoreKit.framework in Frameworks */ = {isa = PBXBuildFile; fileRef = 7AB490A11F137E5600E07E9E /* StoreKit.framework */; };
		7AC13B9F1F0634DB0019E340 /* MQSettings.bundle in Resources */ = {isa = PBXBuildFile; fileRef = 7AC13B9E1F0634DB0019E340 /* MQSettings.bundle */; };
		7AC13BA11F0635130019E340 /* MQTabbarConfig.swift in Sources */ = {isa = PBXBuildFile; fileRef = 7AC13BA01F0635130019E340 /* MQTabbarConfig.swift */; };
		7AC13BA31F06352C0019E340 /* MQFontConfig.swift in Sources */ = {isa = PBXBuildFile; fileRef = 7AC13BA21F06352C0019E340 /* MQFontConfig.swift */; };
		7AC13BA51F0635440019E340 /* MQNavBarConfig.swift in Sources */ = {isa = PBXBuildFile; fileRef = 7AC13BA41F0635440019E340 /* MQNavBarConfig.swift */; };
		7AC13BA71F06355D0019E340 /* MQTintColorConfig.swift in Sources */ = {isa = PBXBuildFile; fileRef = 7AC13BA61F06355D0019E340 /* MQTintColorConfig.swift */; };
		7AC13BA91F0638550019E340 /* MQRootController.swift in Sources */ = {isa = PBXBuildFile; fileRef = 7AC13BA81F0638550019E340 /* MQRootController.swift */; };
		7AC13BAB1F063AAC0019E340 /* Bundle+MQ.swift in Sources */ = {isa = PBXBuildFile; fileRef = 7AC13BAA1F063AAC0019E340 /* Bundle+MQ.swift */; };
/* End PBXBuildFile section */

/* Begin PBXContainerItemProxy section */
		7A7E095D1F0248BD0072C968 /* PBXContainerItemProxy */ = {
			isa = PBXContainerItemProxy;
			containerPortal = 7A7E09401F0248BD0072C968 /* Project object */;
			proxyType = 1;
			remoteGlobalIDString = 7A7E09471F0248BD0072C968;
			remoteInfo = BFramework_swift;
		};
		7A7E09681F0248BD0072C968 /* PBXContainerItemProxy */ = {
			isa = PBXContainerItemProxy;
			containerPortal = 7A7E09401F0248BD0072C968 /* Project object */;
			proxyType = 1;
			remoteGlobalIDString = 7A7E09471F0248BD0072C968;
			remoteInfo = BFramework_swift;
		};
/* End PBXContainerItemProxy section */

/* Begin PBXCopyFilesBuildPhase section */
		7A6F811F1F0C87C8005D9EBC /* Embed Frameworks */ = {
			isa = PBXCopyFilesBuildPhase;
			buildActionMask = 2147483647;
			dstPath = "";
			dstSubfolderSpec = 10;
			files = (
			);
			name = "Embed Frameworks";
			runOnlyForDeploymentPostprocessing = 0;
		};
/* End PBXCopyFilesBuildPhase section */

/* Begin PBXFileReference section */
		2774CA59CF5658B49F6EB9E7 /* Pods_BFramework_swift.framework */ = {isa = PBXFileReference; explicitFileType = wrapper.framework; includeInIndex = 0; path = Pods_BFramework_swift.framework; sourceTree = BUILT_PRODUCTS_DIR; };
		7A654C241F14601900F91309 /* MMSegment.swift */ = {isa = PBXFileReference; fileEncoding = 4; lastKnownFileType = sourcecode.swift; path = MMSegment.swift; sourceTree = "<group>"; };
		7A654C271F1468C600F91309 /* MQCountDownLabel.swift */ = {isa = PBXFileReference; fileEncoding = 4; lastKnownFileType = sourcecode.swift; path = MQCountDownLabel.swift; sourceTree = "<group>"; };
		7A654C281F1468C600F91309 /* MQCountDownLabelCountDownLabel+CountDown.swift */ = {isa = PBXFileReference; fileEncoding = 4; lastKnownFileType = sourcecode.swift; path = "MQCountDownLabelCountDownLabel+CountDown.swift"; sourceTree = "<group>"; };
		7A654C291F1468C600F91309 /* MQCountDownLabelCountDownLabel+Timer.swift */ = {isa = PBXFileReference; fileEncoding = 4; lastKnownFileType = sourcecode.swift; path = "MQCountDownLabelCountDownLabel+Timer.swift"; sourceTree = "<group>"; };
		7A6A354D1F062F0A000AB9D2 /* UITabBarController+MQ.swift */ = {isa = PBXFileReference; fileEncoding = 4; lastKnownFileType = sourcecode.swift; path = "UITabBarController+MQ.swift"; sourceTree = "<group>"; };
		7A6BE7A21F04E36900A92196 /* Base64.h */ = {isa = PBXFileReference; fileEncoding = 4; lastKnownFileType = sourcecode.c.h; path = Base64.h; sourceTree = "<group>"; };
		7A6BE7A31F04E36900A92196 /* Base64.m */ = {isa = PBXFileReference; fileEncoding = 4; lastKnownFileType = sourcecode.c.objc; path = Base64.m; sourceTree = "<group>"; };
		7A6BE7A61F04E41A00A92196 /* libz.tbd */ = {isa = PBXFileReference; lastKnownFileType = "sourcecode.text-based-dylib-definition"; name = libz.tbd; path = usr/lib/libz.tbd; sourceTree = SDKROOT; };
		7A6D14211F0B36C400B30FD4 /* VC5.swift */ = {isa = PBXFileReference; fileEncoding = 4; lastKnownFileType = sourcecode.swift; path = VC5.swift; sourceTree = "<group>"; };
		7A6D14221F0B36C400B30FD4 /* VC5.xib */ = {isa = PBXFileReference; fileEncoding = 4; lastKnownFileType = file.xib; path = VC5.xib; sourceTree = "<group>"; };
		7A6D14291F0B388C00B30FD4 /* MQRouter.swift */ = {isa = PBXFileReference; fileEncoding = 4; lastKnownFileType = sourcecode.swift; path = MQRouter.swift; sourceTree = "<group>"; };
		7A6D142B1F0B3E9700B30FD4 /* MQStructs.swift */ = {isa = PBXFileReference; fileEncoding = 4; lastKnownFileType = sourcecode.swift; path = MQStructs.swift; sourceTree = "<group>"; };
		7A6D142D1F0B3F3D00B30FD4 /* MQConfigValueProtocol.swift */ = {isa = PBXFileReference; fileEncoding = 4; lastKnownFileType = sourcecode.swift; path = MQConfigValueProtocol.swift; sourceTree = "<group>"; };
		7A6D142F1F0B411000B30FD4 /* UIDevice+MQ.swift */ = {isa = PBXFileReference; fileEncoding = 4; lastKnownFileType = sourcecode.swift; path = "UIDevice+MQ.swift"; sourceTree = "<group>"; };
		7A6D14311F0B416C00B30FD4 /* UIColor+MQ.swift */ = {isa = PBXFileReference; fileEncoding = 4; lastKnownFileType = sourcecode.swift; path = "UIColor+MQ.swift"; sourceTree = "<group>"; };
		7A6D14331F0B433000B30FD4 /* String+MQ.swift */ = {isa = PBXFileReference; fileEncoding = 4; lastKnownFileType = sourcecode.swift; path = "String+MQ.swift"; sourceTree = "<group>"; };
		7A6D14351F0B43A800B30FD4 /* NSAttributedString+MQ.swift */ = {isa = PBXFileReference; fileEncoding = 4; lastKnownFileType = sourcecode.swift; path = "NSAttributedString+MQ.swift"; sourceTree = "<group>"; };
		7A6D14361F0B43A800B30FD4 /* NSObject+MQ.swift */ = {isa = PBXFileReference; fileEncoding = 4; lastKnownFileType = sourcecode.swift; path = "NSObject+MQ.swift"; sourceTree = "<group>"; };
		7A6D14391F0B5A9F00B30FD4 /* MQAPI.swift */ = {isa = PBXFileReference; fileEncoding = 4; lastKnownFileType = sourcecode.swift; path = MQAPI.swift; sourceTree = "<group>"; };
		7A6D143A1F0B5A9F00B30FD4 /* MQAPIDataparse.swift */ = {isa = PBXFileReference; fileEncoding = 4; lastKnownFileType = sourcecode.swift; path = MQAPIDataparse.swift; sourceTree = "<group>"; };
		7A6D143B1F0B5A9F00B30FD4 /* MQAPISign.swift */ = {isa = PBXFileReference; fileEncoding = 4; lastKnownFileType = sourcecode.swift; path = MQAPISign.swift; sourceTree = "<group>"; };
		7A6D143C1F0B5A9F00B30FD4 /* MQNetwork.swift */ = {isa = PBXFileReference; fileEncoding = 4; lastKnownFileType = sourcecode.swift; path = MQNetwork.swift; sourceTree = "<group>"; };
		7A6D14411F0B5BBD00B30FD4 /* MQURLConst.swift */ = {isa = PBXFileReference; fileEncoding = 4; lastKnownFileType = sourcecode.swift; path = MQURLConst.swift; sourceTree = "<group>"; };
		7A6D14431F0B5CAB00B30FD4 /* NotificationCenter+MQ.swift */ = {isa = PBXFileReference; fileEncoding = 4; lastKnownFileType = sourcecode.swift; path = "NotificationCenter+MQ.swift"; sourceTree = "<group>"; };
		7A6D14471F0B5DA500B30FD4 /* MQNotificationNames.swift */ = {isa = PBXFileReference; fileEncoding = 4; lastKnownFileType = sourcecode.swift; path = MQNotificationNames.swift; sourceTree = "<group>"; };
		7A6D14491F0B5E0B00B30FD4 /* MQBase64Utils.swift */ = {isa = PBXFileReference; fileEncoding = 4; lastKnownFileType = sourcecode.swift; path = MQBase64Utils.swift; sourceTree = "<group>"; };
		7A6D144B1F0B5F1F00B30FD4 /* MQUITextField.swift */ = {isa = PBXFileReference; fileEncoding = 4; lastKnownFileType = sourcecode.swift; path = MQUITextField.swift; sourceTree = "<group>"; };
		7A6D144C1F0B5F1F00B30FD4 /* MQUITextView.swift */ = {isa = PBXFileReference; fileEncoding = 4; lastKnownFileType = sourcecode.swift; path = MQUITextView.swift; sourceTree = "<group>"; };
		7A6D144D1F0B5F1F00B30FD4 /* UIFont+MQ.swift */ = {isa = PBXFileReference; fileEncoding = 4; lastKnownFileType = sourcecode.swift; path = "UIFont+MQ.swift"; sourceTree = "<group>"; };
		7A6D144F1F0B5F1F00B30FD4 /* UIImage+MQCropping.h */ = {isa = PBXFileReference; fileEncoding = 4; lastKnownFileType = sourcecode.c.h; path = "UIImage+MQCropping.h"; sourceTree = "<group>"; };
		7A6D14501F0B5F1F00B30FD4 /* UIImage+MQCropping.m */ = {isa = PBXFileReference; fileEncoding = 4; lastKnownFileType = sourcecode.c.objc; path = "UIImage+MQCropping.m"; sourceTree = "<group>"; };
		7A6D14511F0B5F1F00B30FD4 /* UIScrollView+MQRefresh.swift */ = {isa = PBXFileReference; fileEncoding = 4; lastKnownFileType = sourcecode.swift; path = "UIScrollView+MQRefresh.swift"; sourceTree = "<group>"; };
		7A6D14521F0B5F1F00B30FD4 /* UIView+MQFrame.swift */ = {isa = PBXFileReference; fileEncoding = 4; lastKnownFileType = sourcecode.swift; path = "UIView+MQFrame.swift"; sourceTree = "<group>"; };
		7A6D145B1F0B6C0400B30FD4 /* MQAlertUtils.swift */ = {isa = PBXFileReference; fileEncoding = 4; lastKnownFileType = sourcecode.swift; path = MQAlertUtils.swift; sourceTree = "<group>"; };
		7A6D145C1F0B6C0400B30FD4 /* MQAudioUtils.swift */ = {isa = PBXFileReference; fileEncoding = 4; lastKnownFileType = sourcecode.swift; path = MQAudioUtils.swift; sourceTree = "<group>"; };
		7A6D145D1F0B6C0400B30FD4 /* MQButton.swift */ = {isa = PBXFileReference; fileEncoding = 4; lastKnownFileType = sourcecode.swift; path = MQButton.swift; sourceTree = "<group>"; };
		7A6D145E1F0B6C0400B30FD4 /* MQCache.swift */ = {isa = PBXFileReference; fileEncoding = 4; lastKnownFileType = sourcecode.swift; path = MQCache.swift; sourceTree = "<group>"; };
		7A6D145F1F0B6C0400B30FD4 /* MQCommonUtils.swift */ = {isa = PBXFileReference; fileEncoding = 4; lastKnownFileType = sourcecode.swift; path = MQCommonUtils.swift; sourceTree = "<group>"; };
		7A6D14601F0B6C0400B30FD4 /* MQDateUtils.swift */ = {isa = PBXFileReference; fileEncoding = 4; lastKnownFileType = sourcecode.swift; path = MQDateUtils.swift; sourceTree = "<group>"; };
		7A6D14611F0B6C0400B30FD4 /* MQDeletedView.swift */ = {isa = PBXFileReference; fileEncoding = 4; lastKnownFileType = sourcecode.swift; path = MQDeletedView.swift; sourceTree = "<group>"; };
		7A6D14621F0B6C0400B30FD4 /* MQDevice.swift */ = {isa = PBXFileReference; fileEncoding = 4; lastKnownFileType = sourcecode.swift; path = MQDevice.swift; sourceTree = "<group>"; };
		7A6D14631F0B6C0400B30FD4 /* MQImagePickerUtils.swift */ = {isa = PBXFileReference; fileEncoding = 4; lastKnownFileType = sourcecode.swift; path = MQImagePickerUtils.swift; sourceTree = "<group>"; };
		7A6D14641F0B6C0400B30FD4 /* MQLocationUtils.swift */ = {isa = PBXFileReference; fileEncoding = 4; lastKnownFileType = sourcecode.swift; path = MQLocationUtils.swift; sourceTree = "<group>"; };
		7A6D14651F0B6C0400B30FD4 /* MQTintButton.swift */ = {isa = PBXFileReference; fileEncoding = 4; lastKnownFileType = sourcecode.swift; path = MQTintButton.swift; sourceTree = "<group>"; };
		7A6D14711F0B6C6000B30FD4 /* UIViewController+MQ.swift */ = {isa = PBXFileReference; fileEncoding = 4; lastKnownFileType = sourcecode.swift; path = "UIViewController+MQ.swift"; sourceTree = "<group>"; };
		7A6D14751F0B78DF00B30FD4 /* MQAutoScrollView.swift */ = {isa = PBXFileReference; fileEncoding = 4; lastKnownFileType = sourcecode.swift; path = MQAutoScrollView.swift; sourceTree = "<group>"; };
		7A6D14781F0B79C700B30FD4 /* Address.plist */ = {isa = PBXFileReference; fileEncoding = 4; lastKnownFileType = text.plist.xml; path = Address.plist; sourceTree = "<group>"; };
		7A6D14791F0B79C700B30FD4 /* MQAddressCache.swift */ = {isa = PBXFileReference; fileEncoding = 4; lastKnownFileType = sourcecode.swift; path = MQAddressCache.swift; sourceTree = "<group>"; };
		7A6D147A1F0B79C700B30FD4 /* MQAddressView.swift */ = {isa = PBXFileReference; fileEncoding = 4; lastKnownFileType = sourcecode.swift; path = MQAddressView.swift; sourceTree = "<group>"; };
		7A6D147E1F0B7A9A00B30FD4 /* MQCityModel.swift */ = {isa = PBXFileReference; fileEncoding = 4; lastKnownFileType = sourcecode.swift; path = MQCityModel.swift; sourceTree = "<group>"; };
		7A6D147F1F0B7A9A00B30FD4 /* MQCountryModel.swift */ = {isa = PBXFileReference; fileEncoding = 4; lastKnownFileType = sourcecode.swift; path = MQCountryModel.swift; sourceTree = "<group>"; };
		7A6D14801F0B7A9A00B30FD4 /* MQParishModel.swift */ = {isa = PBXFileReference; fileEncoding = 4; lastKnownFileType = sourcecode.swift; path = MQParishModel.swift; sourceTree = "<group>"; };
		7A6D14811F0B7A9A00B30FD4 /* MQProvinceModel.swift */ = {isa = PBXFileReference; fileEncoding = 4; lastKnownFileType = sourcecode.swift; path = MQProvinceModel.swift; sourceTree = "<group>"; };
		7A6D148A1F0B7FCC00B30FD4 /* libsqlite3.0.tbd */ = {isa = PBXFileReference; lastKnownFileType = "sourcecode.text-based-dylib-definition"; name = libsqlite3.0.tbd; path = usr/lib/libsqlite3.0.tbd; sourceTree = SDKROOT; };
		7A6D148F1F0B8BC900B30FD4 /* MQDateSelectUtils.swift */ = {isa = PBXFileReference; fileEncoding = 4; lastKnownFileType = sourcecode.swift; path = MQDateSelectUtils.swift; sourceTree = "<group>"; };
		7A6D14901F0B8BC900B30FD4 /* MQDateSelectUtils.xib */ = {isa = PBXFileReference; fileEncoding = 4; lastKnownFileType = file.xib; path = MQDateSelectUtils.xib; sourceTree = "<group>"; };
		7A6D14921F0B8BC900B30FD4 /* MQEmptyView.swift */ = {isa = PBXFileReference; fileEncoding = 4; lastKnownFileType = sourcecode.swift; path = MQEmptyView.swift; sourceTree = "<group>"; };
		7A6D14941F0B8BC900B30FD4 /* MQHUD.swift */ = {isa = PBXFileReference; fileEncoding = 4; lastKnownFileType = sourcecode.swift; path = MQHUD.swift; sourceTree = "<group>"; };
		7A6D14961F0B8BC900B30FD4 /* MQLineChartView.swift */ = {isa = PBXFileReference; fileEncoding = 4; lastKnownFileType = sourcecode.swift; path = MQLineChartView.swift; sourceTree = "<group>"; };
		7A6D14981F0B8BC900B30FD4 /* MQQRCodeScanViewController.swift */ = {isa = PBXFileReference; fileEncoding = 4; lastKnownFileType = sourcecode.swift; path = MQQRCodeScanViewController.swift; sourceTree = "<group>"; };
		7A6D14991F0B8BC900B30FD4 /* MQQRCodeScanViewController.xib */ = {isa = PBXFileReference; fileEncoding = 4; lastKnownFileType = file.xib; path = MQQRCodeScanViewController.xib; sourceTree = "<group>"; };
		7A6D149B1F0B8BC900B30FD4 /* iconfont.ttf */ = {isa = PBXFileReference; lastKnownFileType = file; path = iconfont.ttf; sourceTree = "<group>"; };
		7A6D149C1F0B8BC900B30FD4 /* MQCheck@2x.png */ = {isa = PBXFileReference; lastKnownFileType = image.png; path = "MQCheck@2x.png"; sourceTree = "<group>"; };
		7A6D149D1F0B8BC900B30FD4 /* MQCheck@3x.png */ = {isa = PBXFileReference; lastKnownFileType = image.png; path = "MQCheck@3x.png"; sourceTree = "<group>"; };
		7A6D149E1F0B8BC900B30FD4 /* MQFailure@2x.png */ = {isa = PBXFileReference; lastKnownFileType = image.png; path = "MQFailure@2x.png"; sourceTree = "<group>"; };
		7A6D149F1F0B8BC900B30FD4 /* MQFailure@3x.png */ = {isa = PBXFileReference; lastKnownFileType = image.png; path = "MQFailure@3x.png"; sourceTree = "<group>"; };
		7A6D14A01F0B8BC900B30FD4 /* MQLoading@2x.png */ = {isa = PBXFileReference; lastKnownFileType = image.png; path = "MQLoading@2x.png"; sourceTree = "<group>"; };
		7A6D14A11F0B8BC900B30FD4 /* MQLoading@3x.png */ = {isa = PBXFileReference; lastKnownFileType = image.png; path = "MQLoading@3x.png"; sourceTree = "<group>"; };
		7A6D14A21F0B8BC900B30FD4 /* MQNoData@2x.png */ = {isa = PBXFileReference; lastKnownFileType = image.png; path = "MQNoData@2x.png"; sourceTree = "<group>"; };
		7A6D14A31F0B8BC900B30FD4 /* MQNoData@3x.png */ = {isa = PBXFileReference; lastKnownFileType = image.png; path = "MQNoData@3x.png"; sourceTree = "<group>"; };
		7A6D14A41F0B8BC900B30FD4 /* MQNoNetwork@2x.png */ = {isa = PBXFileReference; lastKnownFileType = image.png; path = "MQNoNetwork@2x.png"; sourceTree = "<group>"; };
		7A6D14A51F0B8BC900B30FD4 /* MQNoNetwork@3x.png */ = {isa = PBXFileReference; lastKnownFileType = image.png; path = "MQNoNetwork@3x.png"; sourceTree = "<group>"; };
		7A6D14A61F0B8BC900B30FD4 /* MQSuccess@2x.png */ = {isa = PBXFileReference; lastKnownFileType = image.png; path = "MQSuccess@2x.png"; sourceTree = "<group>"; };
		7A6D14A71F0B8BC900B30FD4 /* MQSuccess@3x.png */ = {isa = PBXFileReference; lastKnownFileType = image.png; path = "MQSuccess@3x.png"; sourceTree = "<group>"; };
		7A6D14A91F0B8BC900B30FD4 /* MQSegment.swift */ = {isa = PBXFileReference; fileEncoding = 4; lastKnownFileType = sourcecode.swift; path = MQSegment.swift; sourceTree = "<group>"; };
		7A6D14AB1F0B8BC900B30FD4 /* MQUIButton.swift */ = {isa = PBXFileReference; fileEncoding = 4; lastKnownFileType = sourcecode.swift; path = MQUIButton.swift; sourceTree = "<group>"; };
		7A6D14AC1F0B8BC900B30FD4 /* MQUIImageView.swift */ = {isa = PBXFileReference; fileEncoding = 4; lastKnownFileType = sourcecode.swift; path = MQUIImageView.swift; sourceTree = "<group>"; };
		7A6D14AD1F0B8BC900B30FD4 /* MQUILabel.swift */ = {isa = PBXFileReference; fileEncoding = 4; lastKnownFileType = sourcecode.swift; path = MQUILabel.swift; sourceTree = "<group>"; };
		7A6D14AE1F0B8BC900B30FD4 /* MQUIView.swift */ = {isa = PBXFileReference; fileEncoding = 4; lastKnownFileType = sourcecode.swift; path = MQUIView.swift; sourceTree = "<group>"; };
		7A6D14C91F0B8DAE00B30FD4 /* CommonIcon.xcassets */ = {isa = PBXFileReference; lastKnownFileType = folder.assetcatalog; path = CommonIcon.xcassets; sourceTree = "<group>"; };
		7A6D14CB1F0B900000B30FD4 /* MQClosure.swift */ = {isa = PBXFileReference; fileEncoding = 4; lastKnownFileType = sourcecode.swift; path = MQClosure.swift; sourceTree = "<group>"; };
		7A6D14CD1F0B905000B30FD4 /* MQUIViewController.swift */ = {isa = PBXFileReference; fileEncoding = 4; lastKnownFileType = sourcecode.swift; path = MQUIViewController.swift; sourceTree = "<group>"; };
		7A6D14CF1F0B90B800B30FD4 /* UINavigationController+FDFullscreenPopGesture.h */ = {isa = PBXFileReference; fileEncoding = 4; lastKnownFileType = sourcecode.c.h; path = "UINavigationController+FDFullscreenPopGesture.h"; sourceTree = "<group>"; };
		7A6D14D01F0B90B800B30FD4 /* UINavigationController+FDFullscreenPopGesture.m */ = {isa = PBXFileReference; fileEncoding = 4; lastKnownFileType = sourcecode.c.objc; path = "UINavigationController+FDFullscreenPopGesture.m"; sourceTree = "<group>"; };
		7A6F812E1F0C8CEC005D9EBC /* MQDimmingPresentationController.swift */ = {isa = PBXFileReference; fileEncoding = 4; lastKnownFileType = sourcecode.swift; path = MQDimmingPresentationController.swift; sourceTree = "<group>"; };
		7A757FB41F03754A00CD6BC5 /* TabbarIcon.xcassets */ = {isa = PBXFileReference; lastKnownFileType = folder.assetcatalog; path = TabbarIcon.xcassets; sourceTree = "<group>"; };
		7A7943B01F1750A300ABE042 /* MQSideFilterView.swift */ = {isa = PBXFileReference; fileEncoding = 4; lastKnownFileType = sourcecode.swift; path = MQSideFilterView.swift; sourceTree = "<group>"; };
		7A7943B21F1750E300ABE042 /* MQSideFilterView.xib */ = {isa = PBXFileReference; fileEncoding = 4; lastKnownFileType = file.xib; path = MQSideFilterView.xib; sourceTree = "<group>"; };
		7A7943B41F17559F00ABE042 /* MQSideFilterView+CLV.swift */ = {isa = PBXFileReference; fileEncoding = 4; lastKnownFileType = sourcecode.swift; path = "MQSideFilterView+CLV.swift"; sourceTree = "<group>"; };
		7A7943B61F17656C00ABE042 /* GoodsPropertiesCategory.swift */ = {isa = PBXFileReference; fileEncoding = 4; lastKnownFileType = sourcecode.swift; path = GoodsPropertiesCategory.swift; sourceTree = "<group>"; };
		7A7943B81F17659300ABE042 /* GoodsPropertiesChildrenCategory.swift */ = {isa = PBXFileReference; fileEncoding = 4; lastKnownFileType = sourcecode.swift; path = GoodsPropertiesChildrenCategory.swift; sourceTree = "<group>"; };
		7A7E09481F0248BD0072C968 /* BFramework_swift.app */ = {isa = PBXFileReference; explicitFileType = wrapper.application; includeInIndex = 0; path = BFramework_swift.app; sourceTree = BUILT_PRODUCTS_DIR; };
		7A7E094B1F0248BD0072C968 /* AppDelegate.swift */ = {isa = PBXFileReference; lastKnownFileType = sourcecode.swift; path = AppDelegate.swift; sourceTree = "<group>"; };
		7A7E09521F0248BD0072C968 /* Assets.xcassets */ = {isa = PBXFileReference; lastKnownFileType = folder.assetcatalog; path = Assets.xcassets; sourceTree = "<group>"; };
		7A7E09551F0248BD0072C968 /* Base */ = {isa = PBXFileReference; lastKnownFileType = file.storyboard; name = Base; path = Base.lproj/LaunchScreen.storyboard; sourceTree = "<group>"; };
		7A7E09571F0248BD0072C968 /* Info.plist */ = {isa = PBXFileReference; lastKnownFileType = text.plist.xml; path = Info.plist; sourceTree = "<group>"; };
		7A7E095C1F0248BD0072C968 /* BFramework_swiftTests.xctest */ = {isa = PBXFileReference; explicitFileType = wrapper.cfbundle; includeInIndex = 0; path = BFramework_swiftTests.xctest; sourceTree = BUILT_PRODUCTS_DIR; };
		7A7E09601F0248BD0072C968 /* BFramework_swiftTests.swift */ = {isa = PBXFileReference; lastKnownFileType = sourcecode.swift; path = BFramework_swiftTests.swift; sourceTree = "<group>"; };
		7A7E09621F0248BD0072C968 /* Info.plist */ = {isa = PBXFileReference; lastKnownFileType = text.plist.xml; path = Info.plist; sourceTree = "<group>"; };
		7A7E09671F0248BD0072C968 /* BFramework_swiftUITests.xctest */ = {isa = PBXFileReference; explicitFileType = wrapper.cfbundle; includeInIndex = 0; path = BFramework_swiftUITests.xctest; sourceTree = BUILT_PRODUCTS_DIR; };
		7A7E096B1F0248BD0072C968 /* BFramework_swiftUITests.swift */ = {isa = PBXFileReference; lastKnownFileType = sourcecode.swift; path = BFramework_swiftUITests.swift; sourceTree = "<group>"; };
		7A7E096D1F0248BD0072C968 /* Info.plist */ = {isa = PBXFileReference; lastKnownFileType = text.plist.xml; path = Info.plist; sourceTree = "<group>"; };
		7A7E09931F0257420072C968 /* VC3.swift */ = {isa = PBXFileReference; fileEncoding = 4; lastKnownFileType = sourcecode.swift; path = VC3.swift; sourceTree = "<group>"; };
		7A7E09941F0257420072C968 /* VC3.xib */ = {isa = PBXFileReference; fileEncoding = 4; lastKnownFileType = file.xib; path = VC3.xib; sourceTree = "<group>"; };
		7A7E09971F0257510072C968 /* VC4.swift */ = {isa = PBXFileReference; fileEncoding = 4; lastKnownFileType = sourcecode.swift; path = VC4.swift; sourceTree = "<group>"; };
		7A7E09981F0257510072C968 /* VC4.xib */ = {isa = PBXFileReference; fileEncoding = 4; lastKnownFileType = file.xib; path = VC4.xib; sourceTree = "<group>"; };
		7A7E099B1F0257780072C968 /* VC1.swift */ = {isa = PBXFileReference; fileEncoding = 4; lastKnownFileType = sourcecode.swift; path = VC1.swift; sourceTree = "<group>"; };
		7A7E099C1F0257780072C968 /* VC1.xib */ = {isa = PBXFileReference; fileEncoding = 4; lastKnownFileType = file.xib; path = VC1.xib; sourceTree = "<group>"; };
		7A7E099F1F0257840072C968 /* VC2.swift */ = {isa = PBXFileReference; fileEncoding = 4; lastKnownFileType = sourcecode.swift; path = VC2.swift; sourceTree = "<group>"; };
		7A7E09A01F0257840072C968 /* VC2.xib */ = {isa = PBXFileReference; fileEncoding = 4; lastKnownFileType = file.xib; path = VC2.xib; sourceTree = "<group>"; };
		7A7E09B51F025C5C0072C968 /* BFramework_swift-Bridging-Header.h */ = {isa = PBXFileReference; fileEncoding = 4; lastKnownFileType = sourcecode.c.h; path = "BFramework_swift-Bridging-Header.h"; sourceTree = "<group>"; };
		7A9CE1AF1F0F5A0A000E957C /* Test01Controller.swift */ = {isa = PBXFileReference; fileEncoding = 4; lastKnownFileType = sourcecode.swift; path = Test01Controller.swift; sourceTree = "<group>"; };
		7A9CE1B01F0F5A0A000E957C /* Test01Controller.xib */ = {isa = PBXFileReference; fileEncoding = 4; lastKnownFileType = file.xib; path = Test01Controller.xib; sourceTree = "<group>"; };
		7A9CE1B51F0F5AE6000E957C /* ChildrenController.swift */ = {isa = PBXFileReference; fileEncoding = 4; lastKnownFileType = sourcecode.swift; path = ChildrenController.swift; sourceTree = "<group>"; };
		7A9CE1B61F0F5AE6000E957C /* ChildrenController.xib */ = {isa = PBXFileReference; fileEncoding = 4; lastKnownFileType = file.xib; path = ChildrenController.xib; sourceTree = "<group>"; };
		7A9CE1B91F0F5B77000E957C /* MQSegmentView.swift */ = {isa = PBXFileReference; fileEncoding = 4; lastKnownFileType = sourcecode.swift; path = MQSegmentView.swift; sourceTree = "<group>"; };
		7A9CE1BF1F0F7965000E957C /* soundA.caf */ = {isa = PBXFileReference; lastKnownFileType = file; path = soundA.caf; sourceTree = "<group>"; };
		7A9CE1C11F0F7C2D000E957C /* UIViewController+MQNavControl.swift */ = {isa = PBXFileReference; fileEncoding = 4; lastKnownFileType = sourcecode.swift; path = "UIViewController+MQNavControl.swift"; sourceTree = "<group>"; };
		7A9CE1C51F0F8015000E957C /* MapViewController.swift */ = {isa = PBXFileReference; fileEncoding = 4; lastKnownFileType = sourcecode.swift; path = MapViewController.swift; sourceTree = "<group>"; };
		7A9CE1C61F0F8015000E957C /* MapViewController.xib */ = {isa = PBXFileReference; fileEncoding = 4; lastKnownFileType = file.xib; path = MapViewController.xib; sourceTree = "<group>"; };
		7AA6EB491F131D1F009322DE /* LoginViewController.swift */ = {isa = PBXFileReference; fileEncoding = 4; lastKnownFileType = sourcecode.swift; path = LoginViewController.swift; sourceTree = "<group>"; };
		7AA6EB4A1F131D1F009322DE /* LoginViewController.xib */ = {isa = PBXFileReference; fileEncoding = 4; lastKnownFileType = file.xib; path = LoginViewController.xib; sourceTree = "<group>"; };
		7AA6EB4D1F131D77009322DE /* UserLogin.swift */ = {isa = PBXFileReference; fileEncoding = 4; lastKnownFileType = sourcecode.swift; path = UserLogin.swift; sourceTree = "<group>"; };
		7AA6EB501F131E20009322DE /* UserLoginCache.swift */ = {isa = PBXFileReference; fileEncoding = 4; lastKnownFileType = sourcecode.swift; path = UserLoginCache.swift; sourceTree = "<group>"; };
		7AA6EB521F1372DD009322DE /* AppDelegate+RemoteNotice.swift */ = {isa = PBXFileReference; fileEncoding = 4; lastKnownFileType = sourcecode.swift; path = "AppDelegate+RemoteNotice.swift"; sourceTree = "<group>"; };
		7AA6EB561F1373D0009322DE /* libUMessage_Sdk_1.4.0.a */ = {isa = PBXFileReference; lastKnownFileType = archive.ar; path = libUMessage_Sdk_1.4.0.a; sourceTree = "<group>"; };
		7AA6EB571F1373D0009322DE /* UMessage.h */ = {isa = PBXFileReference; fileEncoding = 4; lastKnownFileType = sourcecode.c.h; path = UMessage.h; sourceTree = "<group>"; };
		7AA6EB591F1373D0009322DE /* UMMobClick.framework */ = {isa = PBXFileReference; lastKnownFileType = wrapper.framework; path = UMMobClick.framework; sourceTree = "<group>"; };
		7AA6EB5C1F137485009322DE /* MQRouter+RemoteNotification.swift */ = {isa = PBXFileReference; fileEncoding = 4; lastKnownFileType = sourcecode.swift; path = "MQRouter+RemoteNotification.swift"; sourceTree = "<group>"; };
		7AB4909F1F13774F00E07E9E /* CoreTelephony.framework */ = {isa = PBXFileReference; lastKnownFileType = wrapper.framework; name = CoreTelephony.framework; path = System/Library/Frameworks/CoreTelephony.framework; sourceTree = SDKROOT; };
		7AB490A11F137E5600E07E9E /* StoreKit.framework */ = {isa = PBXFileReference; lastKnownFileType = wrapper.framework; name = StoreKit.framework; path = System/Library/Frameworks/StoreKit.framework; sourceTree = SDKROOT; };
		7AC13B9E1F0634DB0019E340 /* MQSettings.bundle */ = {isa = PBXFileReference; lastKnownFileType = "wrapper.plug-in"; path = MQSettings.bundle; sourceTree = "<group>"; };
		7AC13BA01F0635130019E340 /* MQTabbarConfig.swift */ = {isa = PBXFileReference; fileEncoding = 4; lastKnownFileType = sourcecode.swift; path = MQTabbarConfig.swift; sourceTree = "<group>"; };
		7AC13BA21F06352C0019E340 /* MQFontConfig.swift */ = {isa = PBXFileReference; fileEncoding = 4; lastKnownFileType = sourcecode.swift; path = MQFontConfig.swift; sourceTree = "<group>"; };
		7AC13BA41F0635440019E340 /* MQNavBarConfig.swift */ = {isa = PBXFileReference; fileEncoding = 4; lastKnownFileType = sourcecode.swift; path = MQNavBarConfig.swift; sourceTree = "<group>"; };
		7AC13BA61F06355D0019E340 /* MQTintColorConfig.swift */ = {isa = PBXFileReference; fileEncoding = 4; lastKnownFileType = sourcecode.swift; path = MQTintColorConfig.swift; sourceTree = "<group>"; };
		7AC13BA81F0638550019E340 /* MQRootController.swift */ = {isa = PBXFileReference; fileEncoding = 4; lastKnownFileType = sourcecode.swift; path = MQRootController.swift; sourceTree = "<group>"; };
		7AC13BAA1F063AAC0019E340 /* Bundle+MQ.swift */ = {isa = PBXFileReference; fileEncoding = 4; lastKnownFileType = sourcecode.swift; path = "Bundle+MQ.swift"; sourceTree = "<group>"; };
		D570DECA2F92BC656D71C25B /* Pods-BFramework_swift.debug.xcconfig */ = {isa = PBXFileReference; includeInIndex = 1; lastKnownFileType = text.xcconfig; name = "Pods-BFramework_swift.debug.xcconfig"; path = "Pods/Target Support Files/Pods-BFramework_swift/Pods-BFramework_swift.debug.xcconfig"; sourceTree = "<group>"; };
		EC89DEF8F15B81697509555C /* Pods-BFramework_swift.release.xcconfig */ = {isa = PBXFileReference; includeInIndex = 1; lastKnownFileType = text.xcconfig; name = "Pods-BFramework_swift.release.xcconfig"; path = "Pods/Target Support Files/Pods-BFramework_swift/Pods-BFramework_swift.release.xcconfig"; sourceTree = "<group>"; };
/* End PBXFileReference section */

/* Begin PBXFrameworksBuildPhase section */
		7A7E09451F0248BD0072C968 /* Frameworks */ = {
			isa = PBXFrameworksBuildPhase;
			buildActionMask = 2147483647;
			files = (
				7AB490A21F137E5600E07E9E /* StoreKit.framework in Frameworks */,
				7AB490A01F13774F00E07E9E /* CoreTelephony.framework in Frameworks */,
				7AA6EB5A1F1373D0009322DE /* libUMessage_Sdk_1.4.0.a in Frameworks */,
				7A6D148B1F0B7FCC00B30FD4 /* libsqlite3.0.tbd in Frameworks */,
				7AA6EB5B1F1373D0009322DE /* UMMobClick.framework in Frameworks */,
				7A6BE7A71F04E41A00A92196 /* libz.tbd in Frameworks */,
				051B1FCA9BBF84AA8E245778 /* Pods_BFramework_swift.framework in Frameworks */,
			);
			runOnlyForDeploymentPostprocessing = 0;
		};
		7A7E09591F0248BD0072C968 /* Frameworks */ = {
			isa = PBXFrameworksBuildPhase;
			buildActionMask = 2147483647;
			files = (
			);
			runOnlyForDeploymentPostprocessing = 0;
		};
		7A7E09641F0248BD0072C968 /* Frameworks */ = {
			isa = PBXFrameworksBuildPhase;
			buildActionMask = 2147483647;
			files = (
			);
			runOnlyForDeploymentPostprocessing = 0;
		};
/* End PBXFrameworksBuildPhase section */

/* Begin PBXGroup section */
		12798ACA386F87B89994F57C /* Pods */ = {
			isa = PBXGroup;
			children = (
				D570DECA2F92BC656D71C25B /* Pods-BFramework_swift.debug.xcconfig */,
				EC89DEF8F15B81697509555C /* Pods-BFramework_swift.release.xcconfig */,
			);
			name = Pods;
			sourceTree = "<group>";
		};
		7A654C231F14601900F91309 /* MQSegmentControl */ = {
			isa = PBXGroup;
			children = (
				7A654C241F14601900F91309 /* MMSegment.swift */,
			);
			path = MQSegmentControl;
			sourceTree = "<group>";
		};
		7A654C261F1468C600F91309 /* MQCountDownLabel */ = {
			isa = PBXGroup;
			children = (
				7A654C271F1468C600F91309 /* MQCountDownLabel.swift */,
				7A654C281F1468C600F91309 /* MQCountDownLabelCountDownLabel+CountDown.swift */,
				7A654C291F1468C600F91309 /* MQCountDownLabelCountDownLabel+Timer.swift */,
			);
			path = MQCountDownLabel;
			sourceTree = "<group>";
		};
		7A6BE7921F04E0B800A92196 /* MQNetwork */ = {
			isa = PBXGroup;
			children = (
				7A6D14391F0B5A9F00B30FD4 /* MQAPI.swift */,
				7A6D143A1F0B5A9F00B30FD4 /* MQAPIDataparse.swift */,
				7A6D143B1F0B5A9F00B30FD4 /* MQAPISign.swift */,
				7A6D143C1F0B5A9F00B30FD4 /* MQNetwork.swift */,
			);
			name = MQNetwork;
			path = BNetwork;
			sourceTree = "<group>";
		};
		7A6BE7A11F04E36900A92196 /* MQase64 */ = {
			isa = PBXGroup;
			children = (
				7A6D14491F0B5E0B00B30FD4 /* MQBase64Utils.swift */,
				7A6BE7A21F04E36900A92196 /* Base64.h */,
				7A6BE7A31F04E36900A92196 /* Base64.m */,
			);
			name = MQase64;
			path = Base64;
			sourceTree = "<group>";
		};
		7A6BE7A51F04E41A00A92196 /* Frameworks */ = {
			isa = PBXGroup;
			children = (
				7AB490A11F137E5600E07E9E /* StoreKit.framework */,
				7AB4909F1F13774F00E07E9E /* CoreTelephony.framework */,
				7A6D148A1F0B7FCC00B30FD4 /* libsqlite3.0.tbd */,
				7A6BE7A61F04E41A00A92196 /* libz.tbd */,
				2774CA59CF5658B49F6EB9E7 /* Pods_BFramework_swift.framework */,
			);
			name = Frameworks;
			sourceTree = "<group>";
		};
		7A6BE7A81F04E7D300A92196 /* Common */ = {
			isa = PBXGroup;
			children = (
				7A6F812E1F0C8CEC005D9EBC /* MQDimmingPresentationController.swift */,
				7A6D14431F0B5CAB00B30FD4 /* NotificationCenter+MQ.swift */,
			);
			path = Common;
			sourceTree = "<group>";
		};
		7A6BE7A91F04E7DA00A92196 /* MainRootVC */ = {
			isa = PBXGroup;
			children = (
				7A6D14CD1F0B905000B30FD4 /* MQUIViewController.swift */,
				7AC13BA81F0638550019E340 /* MQRootController.swift */,
			);
			path = MainRootVC;
			sourceTree = "<group>";
		};
		7A6D141F1F0B36C400B30FD4 /* VC5 */ = {
			isa = PBXGroup;
			children = (
				7A6D14201F0B36C400B30FD4 /* Controller */,
				7A6D14231F0B36C400B30FD4 /* Model */,
				7A6D14241F0B36C400B30FD4 /* View */,
				7A6D14251F0B36C400B30FD4 /* ViewModel */,
			);
			path = VC5;
			sourceTree = "<group>";
		};
		7A6D14201F0B36C400B30FD4 /* Controller */ = {
			isa = PBXGroup;
			children = (
				7A6D14211F0B36C400B30FD4 /* VC5.swift */,
				7A6D14221F0B36C400B30FD4 /* VC5.xib */,
			);
			path = Controller;
			sourceTree = "<group>";
		};
		7A6D14231F0B36C400B30FD4 /* Model */ = {
			isa = PBXGroup;
			children = (
			);
			path = Model;
			sourceTree = "<group>";
		};
		7A6D14241F0B36C400B30FD4 /* View */ = {
			isa = PBXGroup;
			children = (
			);
			path = View;
			sourceTree = "<group>";
		};
		7A6D14251F0B36C400B30FD4 /* ViewModel */ = {
			isa = PBXGroup;
			children = (
			);
			path = ViewModel;
			sourceTree = "<group>";
		};
		7A6D14281F0B387B00B30FD4 /* BRouter */ = {
			isa = PBXGroup;
			children = (
				7A6D14291F0B388C00B30FD4 /* MQRouter.swift */,
				7AA6EB5C1F137485009322DE /* MQRouter+RemoteNotification.swift */,
			);
			path = BRouter;
			sourceTree = "<group>";
		};
		7A6D145A1F0B6C0400B30FD4 /* MQUtilityTools */ = {
			isa = PBXGroup;
			children = (
				7A6D145B1F0B6C0400B30FD4 /* MQAlertUtils.swift */,
				7A6D145C1F0B6C0400B30FD4 /* MQAudioUtils.swift */,
				7A6D145D1F0B6C0400B30FD4 /* MQButton.swift */,
				7A6D145E1F0B6C0400B30FD4 /* MQCache.swift */,
				7A6D145F1F0B6C0400B30FD4 /* MQCommonUtils.swift */,
				7A6D14601F0B6C0400B30FD4 /* MQDateUtils.swift */,
				7A6D14611F0B6C0400B30FD4 /* MQDeletedView.swift */,
				7A6D14621F0B6C0400B30FD4 /* MQDevice.swift */,
				7A6D14631F0B6C0400B30FD4 /* MQImagePickerUtils.swift */,
				7A6D14641F0B6C0400B30FD4 /* MQLocationUtils.swift */,
				7A6D14651F0B6C0400B30FD4 /* MQTintButton.swift */,
			);
			path = MQUtilityTools;
			sourceTree = "<group>";
		};
		7A6D14731F0B78DF00B30FD4 /* MQCommonUI */ = {
			isa = PBXGroup;
			children = (
				7A654C261F1468C600F91309 /* MQCountDownLabel */,
				7A654C231F14601900F91309 /* MQSegmentControl */,
				7AA6EB4F1F131E00009322DE /* AppManager */,
				7A6D14771F0B79C700B30FD4 /* MQAddressView */,
				7A6D148E1F0B8BC900B30FD4 /* MQDateSelect */,
				7A6D14911F0B8BC900B30FD4 /* MQEmptyView */,
				7A6D14931F0B8BC900B30FD4 /* MQHUD */,
				7A6D14951F0B8BC900B30FD4 /* MQLineChart */,
				7A6D14971F0B8BC900B30FD4 /* MQQRCodeScan */,
				7A6D149A1F0B8BC900B30FD4 /* MQResources */,
				7A6D14A81F0B8BC900B30FD4 /* MQSegment */,
				7A6D14AA1F0B8BC900B30FD4 /* MQViews */,
				7A6D14741F0B78DF00B30FD4 /* MQAutoScrollView */,
			);
			path = MQCommonUI;
			sourceTree = "<group>";
		};
		7A6D14741F0B78DF00B30FD4 /* MQAutoScrollView */ = {
			isa = PBXGroup;
			children = (
				7A6D14751F0B78DF00B30FD4 /* MQAutoScrollView.swift */,
			);
			path = MQAutoScrollView;
			sourceTree = "<group>";
		};
		7A6D14771F0B79C700B30FD4 /* MQAddressView */ = {
			isa = PBXGroup;
			children = (
				7A6D14781F0B79C700B30FD4 /* Address.plist */,
				7A6D14791F0B79C700B30FD4 /* MQAddressCache.swift */,
				7A6D147A1F0B79C700B30FD4 /* MQAddressView.swift */,
				7A6D147E1F0B7A9A00B30FD4 /* MQCityModel.swift */,
				7A6D147F1F0B7A9A00B30FD4 /* MQCountryModel.swift */,
				7A6D14801F0B7A9A00B30FD4 /* MQParishModel.swift */,
				7A6D14811F0B7A9A00B30FD4 /* MQProvinceModel.swift */,
			);
			path = MQAddressView;
			sourceTree = "<group>";
		};
		7A6D148E1F0B8BC900B30FD4 /* MQDateSelect */ = {
			isa = PBXGroup;
			children = (
				7A6D148F1F0B8BC900B30FD4 /* MQDateSelectUtils.swift */,
				7A6D14901F0B8BC900B30FD4 /* MQDateSelectUtils.xib */,
			);
			path = MQDateSelect;
			sourceTree = "<group>";
		};
		7A6D14911F0B8BC900B30FD4 /* MQEmptyView */ = {
			isa = PBXGroup;
			children = (
				7A6D14921F0B8BC900B30FD4 /* MQEmptyView.swift */,
			);
			path = MQEmptyView;
			sourceTree = "<group>";
		};
		7A6D14931F0B8BC900B30FD4 /* MQHUD */ = {
			isa = PBXGroup;
			children = (
				7A6D14941F0B8BC900B30FD4 /* MQHUD.swift */,
			);
			path = MQHUD;
			sourceTree = "<group>";
		};
		7A6D14951F0B8BC900B30FD4 /* MQLineChart */ = {
			isa = PBXGroup;
			children = (
				7A6D14961F0B8BC900B30FD4 /* MQLineChartView.swift */,
			);
			path = MQLineChart;
			sourceTree = "<group>";
		};
		7A6D14971F0B8BC900B30FD4 /* MQQRCodeScan */ = {
			isa = PBXGroup;
			children = (
				7A6D14981F0B8BC900B30FD4 /* MQQRCodeScanViewController.swift */,
				7A6D14991F0B8BC900B30FD4 /* MQQRCodeScanViewController.xib */,
			);
			path = MQQRCodeScan;
			sourceTree = "<group>";
		};
		7A6D149A1F0B8BC900B30FD4 /* MQResources */ = {
			isa = PBXGroup;
			children = (
				7A6D149B1F0B8BC900B30FD4 /* iconfont.ttf */,
				7A6D149C1F0B8BC900B30FD4 /* MQCheck@2x.png */,
				7A6D149D1F0B8BC900B30FD4 /* MQCheck@3x.png */,
				7A6D149E1F0B8BC900B30FD4 /* MQFailure@2x.png */,
				7A6D149F1F0B8BC900B30FD4 /* MQFailure@3x.png */,
				7A6D14A01F0B8BC900B30FD4 /* MQLoading@2x.png */,
				7A6D14A11F0B8BC900B30FD4 /* MQLoading@3x.png */,
				7A6D14A21F0B8BC900B30FD4 /* MQNoData@2x.png */,
				7A6D14A31F0B8BC900B30FD4 /* MQNoData@3x.png */,
				7A6D14A41F0B8BC900B30FD4 /* MQNoNetwork@2x.png */,
				7A6D14A51F0B8BC900B30FD4 /* MQNoNetwork@3x.png */,
				7A6D14A61F0B8BC900B30FD4 /* MQSuccess@2x.png */,
				7A6D14A71F0B8BC900B30FD4 /* MQSuccess@3x.png */,
			);
			path = MQResources;
			sourceTree = "<group>";
		};
		7A6D14A81F0B8BC900B30FD4 /* MQSegment */ = {
			isa = PBXGroup;
			children = (
				7A9CE1B91F0F5B77000E957C /* MQSegmentView.swift */,
				7A6D14A91F0B8BC900B30FD4 /* MQSegment.swift */,
			);
			path = MQSegment;
			sourceTree = "<group>";
		};
		7A6D14AA1F0B8BC900B30FD4 /* MQViews */ = {
			isa = PBXGroup;
			children = (
				7A6D14AB1F0B8BC900B30FD4 /* MQUIButton.swift */,
				7A6D14AC1F0B8BC900B30FD4 /* MQUIImageView.swift */,
				7A6D14AD1F0B8BC900B30FD4 /* MQUILabel.swift */,
				7A6D14AE1F0B8BC900B30FD4 /* MQUIView.swift */,
			);
			path = MQViews;
			sourceTree = "<group>";
		};
		7A757FB31F03752300CD6BC5 /* Resources */ = {
			isa = PBXGroup;
			children = (
				7AA6EB541F1373D0009322DE /* UMessage */,
				7A9CE1BF1F0F7965000E957C /* soundA.caf */,
				7A757FB41F03754A00CD6BC5 /* TabbarIcon.xcassets */,
				7A6D14C91F0B8DAE00B30FD4 /* CommonIcon.xcassets */,
			);
			path = Resources;
			sourceTree = "<group>";
		};
		7A7E093F1F0248BD0072C968 = {
			isa = PBXGroup;
			children = (
				7A7E094A1F0248BD0072C968 /* BFramework_swift */,
				7A7E095F1F0248BD0072C968 /* BFramework_swiftTests */,
				7A7E096A1F0248BD0072C968 /* BFramework_swiftUITests */,
				7A7E09491F0248BD0072C968 /* Products */,
				7A6BE7A51F04E41A00A92196 /* Frameworks */,
				12798ACA386F87B89994F57C /* Pods */,
			);
			sourceTree = "<group>";
		};
		7A7E09491F0248BD0072C968 /* Products */ = {
			isa = PBXGroup;
			children = (
				7A7E09481F0248BD0072C968 /* BFramework_swift.app */,
				7A7E095C1F0248BD0072C968 /* BFramework_swiftTests.xctest */,
				7A7E09671F0248BD0072C968 /* BFramework_swiftUITests.xctest */,
			);
			name = Products;
			sourceTree = "<group>";
		};
		7A7E094A1F0248BD0072C968 /* BFramework_swift */ = {
			isa = PBXGroup;
			children = (
				7A7E094B1F0248BD0072C968 /* AppDelegate.swift */,
				7AA6EB521F1372DD009322DE /* AppDelegate+RemoteNotice.swift */,
				7A7E097A1F0256C20072C968 /* MQMain */,
				7A7E09791F0256C20072C968 /* MQCore */,
				7A7E09521F0248BD0072C968 /* Assets.xcassets */,
				7A7E09541F0248BD0072C968 /* LaunchScreen.storyboard */,
				7A7E09571F0248BD0072C968 /* Info.plist */,
				7A7E09B51F025C5C0072C968 /* BFramework_swift-Bridging-Header.h */,
			);
			path = BFramework_swift;
			sourceTree = "<group>";
		};
		7A7E095F1F0248BD0072C968 /* BFramework_swiftTests */ = {
			isa = PBXGroup;
			children = (
				7A7E09601F0248BD0072C968 /* BFramework_swiftTests.swift */,
				7A7E09621F0248BD0072C968 /* Info.plist */,
			);
			path = BFramework_swiftTests;
			sourceTree = "<group>";
		};
		7A7E096A1F0248BD0072C968 /* BFramework_swiftUITests */ = {
			isa = PBXGroup;
			children = (
				7A7E096B1F0248BD0072C968 /* BFramework_swiftUITests.swift */,
				7A7E096D1F0248BD0072C968 /* Info.plist */,
			);
			path = BFramework_swiftUITests;
			sourceTree = "<group>";
		};
		7A7E09791F0256C20072C968 /* MQCore */ = {
			isa = PBXGroup;
			children = (
				7A6D14CB1F0B900000B30FD4 /* MQClosure.swift */,
				7A6D142B1F0B3E9700B30FD4 /* MQStructs.swift */,
				7A6D14411F0B5BBD00B30FD4 /* MQURLConst.swift */,
				7A6D14471F0B5DA500B30FD4 /* MQNotificationNames.swift */,
				7A6D14731F0B78DF00B30FD4 /* MQCommonUI */,
				7A6D145A1F0B6C0400B30FD4 /* MQUtilityTools */,
				7A6D14281F0B387B00B30FD4 /* BRouter */,
				7A6BE7A11F04E36900A92196 /* MQase64 */,
				7A6BE7921F04E0B800A92196 /* MQNetwork */,
				7A7E09A31F0258250072C968 /* MQConfig */,
				7A7E09B01F0259C50072C968 /* MQExtension */,
			);
			name = MQCore;
			path = BCore;
			sourceTree = "<group>";
		};
		7A7E097A1F0256C20072C968 /* MQMain */ = {
			isa = PBXGroup;
			children = (
				7AA6EB441F131D08009322DE /* Login */,
				7A6BE7A91F04E7DA00A92196 /* MainRootVC */,
				7A6BE7A81F04E7D300A92196 /* Common */,
				7A7E097B1F0256C20072C968 /* VC1 */,
				7A7E09801F0256C20072C968 /* VC2 */,
				7A7E09851F0256C20072C968 /* VC3 */,
				7A7E098A1F0256C20072C968 /* VC4 */,
				7A6D141F1F0B36C400B30FD4 /* VC5 */,
				7A757FB31F03752300CD6BC5 /* Resources */,
			);
			name = MQMain;
			path = BMain;
			sourceTree = "<group>";
		};
		7A7E097B1F0256C20072C968 /* VC1 */ = {
			isa = PBXGroup;
			children = (
				7A7E097C1F0256C20072C968 /* Controller */,
				7A7E097D1F0256C20072C968 /* Model */,
				7A7E097E1F0256C20072C968 /* View */,
				7A7E097F1F0256C20072C968 /* ViewModel */,
			);
			path = VC1;
			sourceTree = "<group>";
		};
		7A7E097C1F0256C20072C968 /* Controller */ = {
			isa = PBXGroup;
			children = (
				7A7E099B1F0257780072C968 /* VC1.swift */,
				7A7E099C1F0257780072C968 /* VC1.xib */,
				7A9CE1AF1F0F5A0A000E957C /* Test01Controller.swift */,
				7A9CE1B01F0F5A0A000E957C /* Test01Controller.xib */,
				7A9CE1B51F0F5AE6000E957C /* ChildrenController.swift */,
				7A9CE1B61F0F5AE6000E957C /* ChildrenController.xib */,
				7A9CE1C51F0F8015000E957C /* MapViewController.swift */,
				7A9CE1C61F0F8015000E957C /* MapViewController.xib */,
			);
			path = Controller;
			sourceTree = "<group>";
		};
		7A7E097D1F0256C20072C968 /* Model */ = {
			isa = PBXGroup;
			children = (
			);
			path = Model;
			sourceTree = "<group>";
		};
		7A7E097E1F0256C20072C968 /* View */ = {
			isa = PBXGroup;
			children = (
			);
			path = View;
			sourceTree = "<group>";
		};
		7A7E097F1F0256C20072C968 /* ViewModel */ = {
			isa = PBXGroup;
			children = (
			);
			path = ViewModel;
			sourceTree = "<group>";
		};
		7A7E09801F0256C20072C968 /* VC2 */ = {
			isa = PBXGroup;
			children = (
				7A7E09811F0256C20072C968 /* Controller */,
				7A7E09821F0256C20072C968 /* Model */,
				7A7E09831F0256C20072C968 /* View */,
				7A7E09841F0256C20072C968 /* ViewModel */,
			);
			path = VC2;
			sourceTree = "<group>";
		};
		7A7E09811F0256C20072C968 /* Controller */ = {
			isa = PBXGroup;
			children = (
				7A7E099F1F0257840072C968 /* VC2.swift */,
				7A7E09A01F0257840072C968 /* VC2.xib */,
				7A7943B01F1750A300ABE042 /* MQSideFilterView.swift */,
				7A7943B41F17559F00ABE042 /* MQSideFilterView+CLV.swift */,
				7A7943B21F1750E300ABE042 /* MQSideFilterView.xib */,
			);
			path = Controller;
			sourceTree = "<group>";
		};
		7A7E09821F0256C20072C968 /* Model */ = {
			isa = PBXGroup;
			children = (
				7A7943B61F17656C00ABE042 /* GoodsPropertiesCategory.swift */,
				7A7943B81F17659300ABE042 /* GoodsPropertiesChildrenCategory.swift */,
			);
			path = Model;
			sourceTree = "<group>";
		};
		7A7E09831F0256C20072C968 /* View */ = {
			isa = PBXGroup;
			children = (
			);
			path = View;
			sourceTree = "<group>";
		};
		7A7E09841F0256C20072C968 /* ViewModel */ = {
			isa = PBXGroup;
			children = (
			);
			path = ViewModel;
			sourceTree = "<group>";
		};
		7A7E09851F0256C20072C968 /* VC3 */ = {
			isa = PBXGroup;
			children = (
				7A7E09861F0256C20072C968 /* Controller */,
				7A7E09871F0256C20072C968 /* Model */,
				7A7E09881F0256C20072C968 /* View */,
				7A7E09891F0256C20072C968 /* ViewModel */,
			);
			path = VC3;
			sourceTree = "<group>";
		};
		7A7E09861F0256C20072C968 /* Controller */ = {
			isa = PBXGroup;
			children = (
				7A7E09931F0257420072C968 /* VC3.swift */,
				7A7E09941F0257420072C968 /* VC3.xib */,
			);
			path = Controller;
			sourceTree = "<group>";
		};
		7A7E09871F0256C20072C968 /* Model */ = {
			isa = PBXGroup;
			children = (
			);
			path = Model;
			sourceTree = "<group>";
		};
		7A7E09881F0256C20072C968 /* View */ = {
			isa = PBXGroup;
			children = (
			);
			path = View;
			sourceTree = "<group>";
		};
		7A7E09891F0256C20072C968 /* ViewModel */ = {
			isa = PBXGroup;
			children = (
			);
			path = ViewModel;
			sourceTree = "<group>";
		};
		7A7E098A1F0256C20072C968 /* VC4 */ = {
			isa = PBXGroup;
			children = (
				7A7E098B1F0256C20072C968 /* Controller */,
				7A7E098C1F0256C20072C968 /* Model */,
				7A7E098D1F0256C20072C968 /* View */,
				7A7E098E1F0256C20072C968 /* ViewModel */,
			);
			path = VC4;
			sourceTree = "<group>";
		};
		7A7E098B1F0256C20072C968 /* Controller */ = {
			isa = PBXGroup;
			children = (
				7A7E09971F0257510072C968 /* VC4.swift */,
				7A7E09981F0257510072C968 /* VC4.xib */,
			);
			path = Controller;
			sourceTree = "<group>";
		};
		7A7E098C1F0256C20072C968 /* Model */ = {
			isa = PBXGroup;
			children = (
			);
			path = Model;
			sourceTree = "<group>";
		};
		7A7E098D1F0256C20072C968 /* View */ = {
			isa = PBXGroup;
			children = (
			);
			path = View;
			sourceTree = "<group>";
		};
		7A7E098E1F0256C20072C968 /* ViewModel */ = {
			isa = PBXGroup;
			children = (
			);
			path = ViewModel;
			sourceTree = "<group>";
		};
		7A7E09A31F0258250072C968 /* MQConfig */ = {
			isa = PBXGroup;
			children = (
				7AC13B9E1F0634DB0019E340 /* MQSettings.bundle */,
				7AC13BA01F0635130019E340 /* MQTabbarConfig.swift */,
				7AC13BA21F06352C0019E340 /* MQFontConfig.swift */,
				7AC13BA41F0635440019E340 /* MQNavBarConfig.swift */,
				7AC13BA61F06355D0019E340 /* MQTintColorConfig.swift */,
				7A6D142D1F0B3F3D00B30FD4 /* MQConfigValueProtocol.swift */,
			);
			name = MQConfig;
			path = BConfig;
			sourceTree = "<group>";
		};
		7A7E09B01F0259C50072C968 /* MQExtension */ = {
			isa = PBXGroup;
			children = (
				7A9CE1C11F0F7C2D000E957C /* UIViewController+MQNavControl.swift */,
				7A6D14CF1F0B90B800B30FD4 /* UINavigationController+FDFullscreenPopGesture.h */,
				7A6D14D01F0B90B800B30FD4 /* UINavigationController+FDFullscreenPopGesture.m */,
				7A6D14711F0B6C6000B30FD4 /* UIViewController+MQ.swift */,
				7A6D144B1F0B5F1F00B30FD4 /* MQUITextField.swift */,
				7A6D144C1F0B5F1F00B30FD4 /* MQUITextView.swift */,
				7A6D144D1F0B5F1F00B30FD4 /* UIFont+MQ.swift */,
				7A6D144F1F0B5F1F00B30FD4 /* UIImage+MQCropping.h */,
				7A6D14501F0B5F1F00B30FD4 /* UIImage+MQCropping.m */,
				7A6D14511F0B5F1F00B30FD4 /* UIScrollView+MQRefresh.swift */,
				7A6D14521F0B5F1F00B30FD4 /* UIView+MQFrame.swift */,
				7A6A354D1F062F0A000AB9D2 /* UITabBarController+MQ.swift */,
				7AC13BAA1F063AAC0019E340 /* Bundle+MQ.swift */,
				7A6D142F1F0B411000B30FD4 /* UIDevice+MQ.swift */,
				7A6D14311F0B416C00B30FD4 /* UIColor+MQ.swift */,
				7A6D14331F0B433000B30FD4 /* String+MQ.swift */,
				7A6D14351F0B43A800B30FD4 /* NSAttributedString+MQ.swift */,
				7A6D14361F0B43A800B30FD4 /* NSObject+MQ.swift */,
			);
			name = MQExtension;
			path = BExtension;
			sourceTree = "<group>";
		};
		7AA6EB441F131D08009322DE /* Login */ = {
			isa = PBXGroup;
			children = (
				7AA6EB451F131D08009322DE /* Controller */,
				7AA6EB461F131D08009322DE /* Model */,
				7AA6EB471F131D08009322DE /* View */,
				7AA6EB481F131D08009322DE /* ViewModel */,
			);
			path = Login;
			sourceTree = "<group>";
		};
		7AA6EB451F131D08009322DE /* Controller */ = {
			isa = PBXGroup;
			children = (
				7AA6EB491F131D1F009322DE /* LoginViewController.swift */,
				7AA6EB4A1F131D1F009322DE /* LoginViewController.xib */,
			);
			path = Controller;
			sourceTree = "<group>";
		};
		7AA6EB461F131D08009322DE /* Model */ = {
			isa = PBXGroup;
			children = (
				7AA6EB4D1F131D77009322DE /* UserLogin.swift */,
			);
			path = Model;
			sourceTree = "<group>";
		};
		7AA6EB471F131D08009322DE /* View */ = {
			isa = PBXGroup;
			children = (
			);
			path = View;
			sourceTree = "<group>";
		};
		7AA6EB481F131D08009322DE /* ViewModel */ = {
			isa = PBXGroup;
			children = (
			);
			path = ViewModel;
			sourceTree = "<group>";
		};
		7AA6EB4F1F131E00009322DE /* AppManager */ = {
			isa = PBXGroup;
			children = (
				7AA6EB501F131E20009322DE /* UserLoginCache.swift */,
			);
			path = AppManager;
			sourceTree = "<group>";
		};
		7AA6EB541F1373D0009322DE /* UMessage */ = {
			isa = PBXGroup;
			children = (
				7AA6EB551F1373D0009322DE /* UMessage_Sdk_1.4.0 */,
				7AA6EB581F1373D0009322DE /* UMMobClick-NO-IDFA */,
			);
			path = UMessage;
			sourceTree = "<group>";
		};
		7AA6EB551F1373D0009322DE /* UMessage_Sdk_1.4.0 */ = {
			isa = PBXGroup;
			children = (
				7AA6EB561F1373D0009322DE /* libUMessage_Sdk_1.4.0.a */,
				7AA6EB571F1373D0009322DE /* UMessage.h */,
			);
			path = UMessage_Sdk_1.4.0;
			sourceTree = "<group>";
		};
		7AA6EB581F1373D0009322DE /* UMMobClick-NO-IDFA */ = {
			isa = PBXGroup;
			children = (
				7AA6EB591F1373D0009322DE /* UMMobClick.framework */,
			);
			path = "UMMobClick-NO-IDFA";
			sourceTree = "<group>";
		};
/* End PBXGroup section */

/* Begin PBXNativeTarget section */
		7A7E09471F0248BD0072C968 /* BFramework_swift */ = {
			isa = PBXNativeTarget;
			buildConfigurationList = 7A7E09701F0248BD0072C968 /* Build configuration list for PBXNativeTarget "BFramework_swift" */;
			buildPhases = (
				5ED9109272B8F0664E898C1A /* [CP] Check Pods Manifest.lock */,
				7A7E09441F0248BD0072C968 /* Sources */,
				7A7E09451F0248BD0072C968 /* Frameworks */,
				7A7E09461F0248BD0072C968 /* Resources */,
				63C1BFA0EE5148BF1ED636B5 /* [CP] Embed Pods Frameworks */,
				59400D3EB1AF7AB6C2236917 /* [CP] Copy Pods Resources */,
				7A6F811F1F0C87C8005D9EBC /* Embed Frameworks */,
			);
			buildRules = (
			);
			dependencies = (
			);
			name = BFramework_swift;
			productName = BFramework_swift;
			productReference = 7A7E09481F0248BD0072C968 /* BFramework_swift.app */;
			productType = "com.apple.product-type.application";
		};
		7A7E095B1F0248BD0072C968 /* BFramework_swiftTests */ = {
			isa = PBXNativeTarget;
			buildConfigurationList = 7A7E09731F0248BD0072C968 /* Build configuration list for PBXNativeTarget "BFramework_swiftTests" */;
			buildPhases = (
				7A7E09581F0248BD0072C968 /* Sources */,
				7A7E09591F0248BD0072C968 /* Frameworks */,
				7A7E095A1F0248BD0072C968 /* Resources */,
			);
			buildRules = (
			);
			dependencies = (
				7A7E095E1F0248BD0072C968 /* PBXTargetDependency */,
			);
			name = BFramework_swiftTests;
			productName = BFramework_swiftTests;
			productReference = 7A7E095C1F0248BD0072C968 /* BFramework_swiftTests.xctest */;
			productType = "com.apple.product-type.bundle.unit-test";
		};
		7A7E09661F0248BD0072C968 /* BFramework_swiftUITests */ = {
			isa = PBXNativeTarget;
			buildConfigurationList = 7A7E09761F0248BD0072C968 /* Build configuration list for PBXNativeTarget "BFramework_swiftUITests" */;
			buildPhases = (
				7A7E09631F0248BD0072C968 /* Sources */,
				7A7E09641F0248BD0072C968 /* Frameworks */,
				7A7E09651F0248BD0072C968 /* Resources */,
			);
			buildRules = (
			);
			dependencies = (
				7A7E09691F0248BD0072C968 /* PBXTargetDependency */,
			);
			name = BFramework_swiftUITests;
			productName = BFramework_swiftUITests;
			productReference = 7A7E09671F0248BD0072C968 /* BFramework_swiftUITests.xctest */;
			productType = "com.apple.product-type.bundle.ui-testing";
		};
/* End PBXNativeTarget section */

/* Begin PBXProject section */
		7A7E09401F0248BD0072C968 /* Project object */ = {
			isa = PBXProject;
			attributes = {
				LastSwiftUpdateCheck = 0830;
				LastUpgradeCheck = 0830;
				ORGANIZATIONNAME = 120v;
				TargetAttributes = {
					7A7E09471F0248BD0072C968 = {
						CreatedOnToolsVersion = 8.3.3;
						DevelopmentTeam = H4384M9Z5J;
						LastSwiftMigration = 0830;
						ProvisioningStyle = Automatic;
					};
					7A7E095B1F0248BD0072C968 = {
						CreatedOnToolsVersion = 8.3.3;
						DevelopmentTeam = H4384M9Z5J;
						ProvisioningStyle = Automatic;
						TestTargetID = 7A7E09471F0248BD0072C968;
					};
					7A7E09661F0248BD0072C968 = {
						CreatedOnToolsVersion = 8.3.3;
						DevelopmentTeam = H4384M9Z5J;
						ProvisioningStyle = Automatic;
						TestTargetID = 7A7E09471F0248BD0072C968;
					};
				};
			};
			buildConfigurationList = 7A7E09431F0248BD0072C968 /* Build configuration list for PBXProject "BFramework_swift" */;
			compatibilityVersion = "Xcode 3.2";
			developmentRegion = English;
			hasScannedForEncodings = 0;
			knownRegions = (
				en,
				Base,
			);
			mainGroup = 7A7E093F1F0248BD0072C968;
			productRefGroup = 7A7E09491F0248BD0072C968 /* Products */;
			projectDirPath = "";
			projectRoot = "";
			targets = (
				7A7E09471F0248BD0072C968 /* BFramework_swift */,
				7A7E095B1F0248BD0072C968 /* BFramework_swiftTests */,
				7A7E09661F0248BD0072C968 /* BFramework_swiftUITests */,
			);
		};
/* End PBXProject section */

/* Begin PBXResourcesBuildPhase section */
		7A7E09461F0248BD0072C968 /* Resources */ = {
			isa = PBXResourcesBuildPhase;
			buildActionMask = 2147483647;
			files = (
				7A9CE1B21F0F5A0A000E957C /* Test01Controller.xib in Resources */,
				7A9CE1C01F0F7965000E957C /* soundA.caf in Resources */,
				7AC13B9F1F0634DB0019E340 /* MQSettings.bundle in Resources */,
				7A6D14C11F0B8BC900B30FD4 /* MQNoNetwork@3x.png in Resources */,
				7A6D14BE1F0B8BC900B30FD4 /* MQNoData@2x.png in Resources */,
				7A7E09961F0257420072C968 /* VC3.xib in Resources */,
				7A6D14C31F0B8BC900B30FD4 /* MQSuccess@3x.png in Resources */,
				7A6D14CA1F0B8DAE00B30FD4 /* CommonIcon.xcassets in Resources */,
				7A6D14B91F0B8BC900B30FD4 /* MQCheck@3x.png in Resources */,
				7A6D14BA1F0B8BC900B30FD4 /* MQFailure@2x.png in Resources */,
				7AA6EB4C1F131D1F009322DE /* LoginViewController.xib in Resources */,
				7A7E099A1F0257510072C968 /* VC4.xib in Resources */,
				7A6D14271F0B36C400B30FD4 /* VC5.xib in Resources */,
				7A6D14BD1F0B8BC900B30FD4 /* MQLoading@3x.png in Resources */,
				7A9CE1C81F0F8015000E957C /* MapViewController.xib in Resources */,
				7A6D14BB1F0B8BC900B30FD4 /* MQFailure@3x.png in Resources */,
				7A7E099E1F0257780072C968 /* VC1.xib in Resources */,
				7A6D14B81F0B8BC900B30FD4 /* MQCheck@2x.png in Resources */,
				7A6D14C21F0B8BC900B30FD4 /* MQSuccess@2x.png in Resources */,
				7A9CE1B81F0F5AE6000E957C /* ChildrenController.xib in Resources */,
				7A757FB51F03754A00CD6BC5 /* TabbarIcon.xcassets in Resources */,
				7A6D14C01F0B8BC900B30FD4 /* MQNoNetwork@2x.png in Resources */,
				7A7E09A21F0257840072C968 /* VC2.xib in Resources */,
				7A6D14B61F0B8BC900B30FD4 /* MQQRCodeScanViewController.xib in Resources */,
				7A7E09561F0248BD0072C968 /* LaunchScreen.storyboard in Resources */,
				7A6D14B71F0B8BC900B30FD4 /* iconfont.ttf in Resources */,
				7A6D14B11F0B8BC900B30FD4 /* MQDateSelectUtils.xib in Resources */,
				7A7E09531F0248BD0072C968 /* Assets.xcassets in Resources */,
				7A7943B31F1750E300ABE042 /* MQSideFilterView.xib in Resources */,
				7A6D147B1F0B79C700B30FD4 /* Address.plist in Resources */,
				7A6D14BF1F0B8BC900B30FD4 /* MQNoData@3x.png in Resources */,
				7A6D14BC1F0B8BC900B30FD4 /* MQLoading@2x.png in Resources */,
			);
			runOnlyForDeploymentPostprocessing = 0;
		};
		7A7E095A1F0248BD0072C968 /* Resources */ = {
			isa = PBXResourcesBuildPhase;
			buildActionMask = 2147483647;
			files = (
			);
			runOnlyForDeploymentPostprocessing = 0;
		};
		7A7E09651F0248BD0072C968 /* Resources */ = {
			isa = PBXResourcesBuildPhase;
			buildActionMask = 2147483647;
			files = (
			);
			runOnlyForDeploymentPostprocessing = 0;
		};
/* End PBXResourcesBuildPhase section */

/* Begin PBXShellScriptBuildPhase section */
		59400D3EB1AF7AB6C2236917 /* [CP] Copy Pods Resources */ = {
			isa = PBXShellScriptBuildPhase;
			buildActionMask = 2147483647;
			files = (
			);
			inputPaths = (
			);
			name = "[CP] Copy Pods Resources";
			outputPaths = (
			);
			runOnlyForDeploymentPostprocessing = 0;
			shellPath = /bin/sh;
			shellScript = "\"${SRCROOT}/Pods/Target Support Files/Pods-BFramework_swift/Pods-BFramework_swift-resources.sh\"\n";
			showEnvVarsInLog = 0;
		};
		5ED9109272B8F0664E898C1A /* [CP] Check Pods Manifest.lock */ = {
			isa = PBXShellScriptBuildPhase;
			buildActionMask = 2147483647;
			files = (
			);
			inputPaths = (
			);
			name = "[CP] Check Pods Manifest.lock";
			outputPaths = (
			);
			runOnlyForDeploymentPostprocessing = 0;
			shellPath = /bin/sh;
			shellScript = "diff \"${PODS_ROOT}/../Podfile.lock\" \"${PODS_ROOT}/Manifest.lock\" > /dev/null\nif [ $? != 0 ] ; then\n    # print error to STDERR\n    echo \"error: The sandbox is not in sync with the Podfile.lock. Run 'pod install' or update your CocoaPods installation.\" >&2\n    exit 1\nfi\n";
			showEnvVarsInLog = 0;
		};
		63C1BFA0EE5148BF1ED636B5 /* [CP] Embed Pods Frameworks */ = {
			isa = PBXShellScriptBuildPhase;
			buildActionMask = 2147483647;
			files = (
			);
			inputPaths = (
			);
			name = "[CP] Embed Pods Frameworks";
			outputPaths = (
			);
			runOnlyForDeploymentPostprocessing = 0;
			shellPath = /bin/sh;
			shellScript = "\"${SRCROOT}/Pods/Target Support Files/Pods-BFramework_swift/Pods-BFramework_swift-frameworks.sh\"\n";
			showEnvVarsInLog = 0;
		};
/* End PBXShellScriptBuildPhase section */

/* Begin PBXSourcesBuildPhase section */
		7A7E09441F0248BD0072C968 /* Sources */ = {
			isa = PBXSourcesBuildPhase;
			buildActionMask = 2147483647;
			files = (
				7A6D142C1F0B3E9700B30FD4 /* MQStructs.swift in Sources */,
				7A6D14261F0B36C400B30FD4 /* VC5.swift in Sources */,
				7A6D14691F0B6C0400B30FD4 /* MQCache.swift in Sources */,
				7A654C2B1F1468C600F91309 /* MQCountDownLabelCountDownLabel+CountDown.swift in Sources */,
				7AC13BA31F06352C0019E340 /* MQFontConfig.swift in Sources */,
				7A7943B11F1750A300ABE042 /* MQSideFilterView.swift in Sources */,
				7A6D147D1F0B79C700B30FD4 /* MQAddressView.swift in Sources */,
				7A6D14301F0B411000B30FD4 /* UIDevice+MQ.swift in Sources */,
				7A7943B91F17659300ABE042 /* GoodsPropertiesChildrenCategory.swift in Sources */,
				7A6D143F1F0B5A9F00B30FD4 /* MQAPISign.swift in Sources */,
				7A654C251F14601900F91309 /* MMSegment.swift in Sources */,
				7A7E09951F0257420072C968 /* VC3.swift in Sources */,
				7A6D142E1F0B3F3D00B30FD4 /* MQConfigValueProtocol.swift in Sources */,
				7A6D146F1F0B6C0400B30FD4 /* MQLocationUtils.swift in Sources */,
				7A6D14701F0B6C0400B30FD4 /* MQTintButton.swift in Sources */,
				7A6D14421F0B5BBD00B30FD4 /* MQURLConst.swift in Sources */,
				7A6D14591F0B5F1F00B30FD4 /* UIView+MQFrame.swift in Sources */,
				7A6D14681F0B6C0400B30FD4 /* MQButton.swift in Sources */,
				7A6D14341F0B433000B30FD4 /* String+MQ.swift in Sources */,
				7A6D14C41F0B8BC900B30FD4 /* MQSegment.swift in Sources */,
				7A6D14541F0B5F1F00B30FD4 /* MQUITextView.swift in Sources */,
				7A6D146B1F0B6C0400B30FD4 /* MQDateUtils.swift in Sources */,
				7A6D14C81F0B8BC900B30FD4 /* MQUIView.swift in Sources */,
				7A7E09991F0257510072C968 /* VC4.swift in Sources */,
				7A6D14B21F0B8BC900B30FD4 /* MQEmptyView.swift in Sources */,
				7A6D14B41F0B8BC900B30FD4 /* MQLineChartView.swift in Sources */,
				7A654C2A1F1468C600F91309 /* MQCountDownLabel.swift in Sources */,
				7A6D146D1F0B6C0400B30FD4 /* MQDevice.swift in Sources */,
				7A6D14661F0B6C0400B30FD4 /* MQAlertUtils.swift in Sources */,
				7A6D14761F0B78DF00B30FD4 /* MQAutoScrollView.swift in Sources */,
				7A6D14B51F0B8BC900B30FD4 /* MQQRCodeScanViewController.swift in Sources */,
				7AC13BA91F0638550019E340 /* MQRootController.swift in Sources */,
				7A9CE1C71F0F8015000E957C /* MapViewController.swift in Sources */,
				7A6D14441F0B5CAB00B30FD4 /* NotificationCenter+MQ.swift in Sources */,
				7A6D146C1F0B6C0400B30FD4 /* MQDeletedView.swift in Sources */,
				7A6D14CE1F0B905000B30FD4 /* MQUIViewController.swift in Sources */,
				7A7943B71F17656C00ABE042 /* GoodsPropertiesCategory.swift in Sources */,
				7A9CE1B11F0F5A0A000E957C /* Test01Controller.swift in Sources */,
				7A6D14531F0B5F1F00B30FD4 /* MQUITextField.swift in Sources */,
				7A6D14551F0B5F1F00B30FD4 /* UIFont+MQ.swift in Sources */,
				7A6D14C51F0B8BC900B30FD4 /* MQUIButton.swift in Sources */,
				7AC13BAB1F063AAC0019E340 /* Bundle+MQ.swift in Sources */,
				7AA6EB531F1372DD009322DE /* AppDelegate+RemoteNotice.swift in Sources */,
				7A6D14D11F0B90B800B30FD4 /* UINavigationController+FDFullscreenPopGesture.m in Sources */,
				7AC13BA51F0635440019E340 /* MQNavBarConfig.swift in Sources */,
				7A6F812F1F0C8CEC005D9EBC /* MQDimmingPresentationController.swift in Sources */,
				7A6D14821F0B7A9A00B30FD4 /* MQCityModel.swift in Sources */,
				7A6D14721F0B6C6000B30FD4 /* UIViewController+MQ.swift in Sources */,
				7A6D144A1F0B5E0B00B30FD4 /* MQBase64Utils.swift in Sources */,
				7A6D143D1F0B5A9F00B30FD4 /* MQAPI.swift in Sources */,
				7A7943B51F17559F00ABE042 /* MQSideFilterView+CLV.swift in Sources */,
				7A6D14B31F0B8BC900B30FD4 /* MQHUD.swift in Sources */,
				7A6D143E1F0B5A9F00B30FD4 /* MQAPIDataparse.swift in Sources */,
				7A9CE1B71F0F5AE6000E957C /* ChildrenController.swift in Sources */,
				7AA6EB511F131E20009322DE /* UserLoginCache.swift in Sources */,
				7A6D14C61F0B8BC900B30FD4 /* MQUIImageView.swift in Sources */,
				7A6D14321F0B416C00B30FD4 /* UIColor+MQ.swift in Sources */,
				7A6BE7A41F04E36900A92196 /* Base64.m in Sources */,
				7A6D14571F0B5F1F00B30FD4 /* UIImage+MQCropping.m in Sources */,
				7A6D14B01F0B8BC900B30FD4 /* MQDateSelectUtils.swift in Sources */,
				7A6D14401F0B5A9F00B30FD4 /* MQNetwork.swift in Sources */,
				7A6D14371F0B43A800B30FD4 /* NSAttributedString+MQ.swift in Sources */,
				7A7E09A11F0257840072C968 /* VC2.swift in Sources */,
				7A6D14671F0B6C0400B30FD4 /* MQAudioUtils.swift in Sources */,
				7A6A354E1F062F0A000AB9D2 /* UITabBarController+MQ.swift in Sources */,
				7A654C2C1F1468C600F91309 /* MQCountDownLabelCountDownLabel+Timer.swift in Sources */,
				7AC13BA71F06355D0019E340 /* MQTintColorConfig.swift in Sources */,
				7AA6EB4E1F131D77009322DE /* UserLogin.swift in Sources */,
				7A6D146A1F0B6C0400B30FD4 /* MQCommonUtils.swift in Sources */,
				7A7E099D1F0257780072C968 /* VC1.swift in Sources */,
				7A9CE1BA1F0F5B77000E957C /* MQSegmentView.swift in Sources */,
				7A6D14841F0B7A9A00B30FD4 /* MQParishModel.swift in Sources */,
				7A6D142A1F0B388C00B30FD4 /* MQRouter.swift in Sources */,
				7A6D146E1F0B6C0400B30FD4 /* MQImagePickerUtils.swift in Sources */,
				7AA6EB4B1F131D1F009322DE /* LoginViewController.swift in Sources */,
				7A6D14581F0B5F1F00B30FD4 /* UIScrollView+MQRefresh.swift in Sources */,
				7A6D14381F0B43A800B30FD4 /* NSObject+MQ.swift in Sources */,
				7A6D14C71F0B8BC900B30FD4 /* MQUILabel.swift in Sources */,
				7A6D14831F0B7A9A00B30FD4 /* MQCountryModel.swift in Sources */,
				7A7E094C1F0248BD0072C968 /* AppDelegate.swift in Sources */,
				7A6D14CC1F0B900000B30FD4 /* MQClosure.swift in Sources */,
				7A6D14481F0B5DA500B30FD4 /* MQNotificationNames.swift in Sources */,
				7AC13BA11F0635130019E340 /* MQTabbarConfig.swift in Sources */,
				7A6D147C1F0B79C700B30FD4 /* MQAddressCache.swift in Sources */,
				7AA6EB5D1F137485009322DE /* MQRouter+RemoteNotification.swift in Sources */,
				7A9CE1C31F0F7C2D000E957C /* UIViewController+MQNavControl.swift in Sources */,
				7A6D14851F0B7A9A00B30FD4 /* MQProvinceModel.swift in Sources */,
			);
			runOnlyForDeploymentPostprocessing = 0;
		};
		7A7E09581F0248BD0072C968 /* Sources */ = {
			isa = PBXSourcesBuildPhase;
			buildActionMask = 2147483647;
			files = (
				7A7E09611F0248BD0072C968 /* BFramework_swiftTests.swift in Sources */,
			);
			runOnlyForDeploymentPostprocessing = 0;
		};
		7A7E09631F0248BD0072C968 /* Sources */ = {
			isa = PBXSourcesBuildPhase;
			buildActionMask = 2147483647;
			files = (
				7A7E096C1F0248BD0072C968 /* BFramework_swiftUITests.swift in Sources */,
			);
			runOnlyForDeploymentPostprocessing = 0;
		};
/* End PBXSourcesBuildPhase section */

/* Begin PBXTargetDependency section */
		7A7E095E1F0248BD0072C968 /* PBXTargetDependency */ = {
			isa = PBXTargetDependency;
			target = 7A7E09471F0248BD0072C968 /* BFramework_swift */;
			targetProxy = 7A7E095D1F0248BD0072C968 /* PBXContainerItemProxy */;
		};
		7A7E09691F0248BD0072C968 /* PBXTargetDependency */ = {
			isa = PBXTargetDependency;
			target = 7A7E09471F0248BD0072C968 /* BFramework_swift */;
			targetProxy = 7A7E09681F0248BD0072C968 /* PBXContainerItemProxy */;
		};
/* End PBXTargetDependency section */

/* Begin PBXVariantGroup section */
		7A7E09541F0248BD0072C968 /* LaunchScreen.storyboard */ = {
			isa = PBXVariantGroup;
			children = (
				7A7E09551F0248BD0072C968 /* Base */,
			);
			name = LaunchScreen.storyboard;
			sourceTree = "<group>";
		};
/* End PBXVariantGroup section */

/* Begin XCBuildConfiguration section */
		7A7E096E1F0248BD0072C968 /* Debug */ = {
			isa = XCBuildConfiguration;
			buildSettings = {
				ALWAYS_SEARCH_USER_PATHS = NO;
				CLANG_ANALYZER_NONNULL = YES;
				CLANG_ANALYZER_NUMBER_OBJECT_CONVERSION = YES_AGGRESSIVE;
				CLANG_CXX_LANGUAGE_STANDARD = "gnu++0x";
				CLANG_CXX_LIBRARY = "libc++";
				CLANG_ENABLE_MODULES = YES;
				CLANG_ENABLE_OBJC_ARC = YES;
				CLANG_WARN_BOOL_CONVERSION = YES;
				CLANG_WARN_CONSTANT_CONVERSION = YES;
				CLANG_WARN_DIRECT_OBJC_ISA_USAGE = YES_ERROR;
				CLANG_WARN_DOCUMENTATION_COMMENTS = YES;
				CLANG_WARN_EMPTY_BODY = YES;
				CLANG_WARN_ENUM_CONVERSION = YES;
				CLANG_WARN_INFINITE_RECURSION = YES;
				CLANG_WARN_INT_CONVERSION = YES;
				CLANG_WARN_OBJC_ROOT_CLASS = YES_ERROR;
				CLANG_WARN_SUSPICIOUS_MOVE = YES;
				CLANG_WARN_UNREACHABLE_CODE = YES;
				CLANG_WARN__DUPLICATE_METHOD_MATCH = YES;
				"CODE_SIGN_IDENTITY[sdk=iphoneos*]" = "iPhone Developer";
				COPY_PHASE_STRIP = NO;
				DEBUG_INFORMATION_FORMAT = dwarf;
				ENABLE_STRICT_OBJC_MSGSEND = YES;
				ENABLE_TESTABILITY = YES;
				GCC_C_LANGUAGE_STANDARD = gnu99;
				GCC_DYNAMIC_NO_PIC = NO;
				GCC_NO_COMMON_BLOCKS = YES;
				GCC_OPTIMIZATION_LEVEL = 0;
				GCC_PREPROCESSOR_DEFINITIONS = (
					"DEBUG=1",
					"$(inherited)",
				);
				GCC_WARN_64_TO_32_BIT_CONVERSION = YES;
				GCC_WARN_ABOUT_RETURN_TYPE = YES_ERROR;
				GCC_WARN_UNDECLARED_SELECTOR = YES;
				GCC_WARN_UNINITIALIZED_AUTOS = YES_AGGRESSIVE;
				GCC_WARN_UNUSED_FUNCTION = YES;
				GCC_WARN_UNUSED_VARIABLE = YES;
				IPHONEOS_DEPLOYMENT_TARGET = 8.0;
				MTL_ENABLE_DEBUG_INFO = YES;
				ONLY_ACTIVE_ARCH = YES;
				SDKROOT = iphoneos;
				SWIFT_ACTIVE_COMPILATION_CONDITIONS = DEBUG;
				SWIFT_OPTIMIZATION_LEVEL = "-Onone";
			};
			name = Debug;
		};
		7A7E096F1F0248BD0072C968 /* Release */ = {
			isa = XCBuildConfiguration;
			buildSettings = {
				ALWAYS_SEARCH_USER_PATHS = NO;
				CLANG_ANALYZER_NONNULL = YES;
				CLANG_ANALYZER_NUMBER_OBJECT_CONVERSION = YES_AGGRESSIVE;
				CLANG_CXX_LANGUAGE_STANDARD = "gnu++0x";
				CLANG_CXX_LIBRARY = "libc++";
				CLANG_ENABLE_MODULES = YES;
				CLANG_ENABLE_OBJC_ARC = YES;
				CLANG_WARN_BOOL_CONVERSION = YES;
				CLANG_WARN_CONSTANT_CONVERSION = YES;
				CLANG_WARN_DIRECT_OBJC_ISA_USAGE = YES_ERROR;
				CLANG_WARN_DOCUMENTATION_COMMENTS = YES;
				CLANG_WARN_EMPTY_BODY = YES;
				CLANG_WARN_ENUM_CONVERSION = YES;
				CLANG_WARN_INFINITE_RECURSION = YES;
				CLANG_WARN_INT_CONVERSION = YES;
				CLANG_WARN_OBJC_ROOT_CLASS = YES_ERROR;
				CLANG_WARN_SUSPICIOUS_MOVE = YES;
				CLANG_WARN_UNREACHABLE_CODE = YES;
				CLANG_WARN__DUPLICATE_METHOD_MATCH = YES;
				"CODE_SIGN_IDENTITY[sdk=iphoneos*]" = "iPhone Developer";
				COPY_PHASE_STRIP = NO;
				DEBUG_INFORMATION_FORMAT = "dwarf-with-dsym";
				ENABLE_NS_ASSERTIONS = NO;
				ENABLE_STRICT_OBJC_MSGSEND = YES;
				GCC_C_LANGUAGE_STANDARD = gnu99;
				GCC_NO_COMMON_BLOCKS = YES;
				GCC_WARN_64_TO_32_BIT_CONVERSION = YES;
				GCC_WARN_ABOUT_RETURN_TYPE = YES_ERROR;
				GCC_WARN_UNDECLARED_SELECTOR = YES;
				GCC_WARN_UNINITIALIZED_AUTOS = YES_AGGRESSIVE;
				GCC_WARN_UNUSED_FUNCTION = YES;
				GCC_WARN_UNUSED_VARIABLE = YES;
				IPHONEOS_DEPLOYMENT_TARGET = 8.0;
				MTL_ENABLE_DEBUG_INFO = NO;
				SDKROOT = iphoneos;
				SWIFT_OPTIMIZATION_LEVEL = "-Owholemodule";
				VALIDATE_PRODUCT = YES;
			};
			name = Release;
		};
		7A7E09711F0248BD0072C968 /* Debug */ = {
			isa = XCBuildConfiguration;
			baseConfigurationReference = D570DECA2F92BC656D71C25B /* Pods-BFramework_swift.debug.xcconfig */;
			buildSettings = {
				ASSETCATALOG_COMPILER_APPICON_NAME = AppIcon;
				CLANG_ENABLE_MODULES = YES;
				DEVELOPMENT_TEAM = H4384M9Z5J;
				FRAMEWORK_SEARCH_PATHS = (
					"$(inherited)",
					"$(PROJECT_DIR)/BFramework_swift/BMain/Resources",
					"$(PROJECT_DIR)/BFramework_swift/BMain/Resources/UMessage/UMMobClick-NO-IDFA",
				);
				INFOPLIST_FILE = BFramework_swift/Info.plist;
				IPHONEOS_DEPLOYMENT_TARGET = 8.0;
				LD_RUNPATH_SEARCH_PATHS = "$(inherited) @executable_path/Frameworks";
				LIBRARY_SEARCH_PATHS = (
					"$(inherited)",
					"$(PROJECT_DIR)/BFramework_swift/BMain/Resources/UMessage/UMessage_Sdk_1.4.0",
				);
				PRODUCT_BUNDLE_IDENTIFIER = "BMQ.BFramework-swift";
				PRODUCT_NAME = "$(TARGET_NAME)";
				SWIFT_OBJC_BRIDGING_HEADER = "BFramework_swift/BFramework_swift-Bridging-Header.h";
				SWIFT_OPTIMIZATION_LEVEL = "-Onone";
				SWIFT_VERSION = 3.0;
			};
			name = Debug;
		};
		7A7E09721F0248BD0072C968 /* Release */ = {
			isa = XCBuildConfiguration;
			baseConfigurationReference = EC89DEF8F15B81697509555C /* Pods-BFramework_swift.release.xcconfig */;
			buildSettings = {
				ASSETCATALOG_COMPILER_APPICON_NAME = AppIcon;
				CLANG_ENABLE_MODULES = YES;
				DEVELOPMENT_TEAM = H4384M9Z5J;
				FRAMEWORK_SEARCH_PATHS = (
					"$(inherited)",
					"$(PROJECT_DIR)/BFramework_swift/BMain/Resources",
					"$(PROJECT_DIR)/BFramework_swift/BMain/Resources/UMessage/UMMobClick-NO-IDFA",
				);
				INFOPLIST_FILE = BFramework_swift/Info.plist;
				IPHONEOS_DEPLOYMENT_TARGET = 8.0;
				LD_RUNPATH_SEARCH_PATHS = "$(inherited) @executable_path/Frameworks";
				LIBRARY_SEARCH_PATHS = (
					"$(inherited)",
					"$(PROJECT_DIR)/BFramework_swift/BMain/Resources/UMessage/UMessage_Sdk_1.4.0",
				);
				PRODUCT_BUNDLE_IDENTIFIER = "BMQ.BFramework-swift";
				PRODUCT_NAME = "$(TARGET_NAME)";
				SWIFT_OBJC_BRIDGING_HEADER = "BFramework_swift/BFramework_swift-Bridging-Header.h";
				SWIFT_VERSION = 3.0;
			};
			name = Release;
		};
		7A7E09741F0248BD0072C968 /* Debug */ = {
			isa = XCBuildConfiguration;
			buildSettings = {
				ALWAYS_EMBED_SWIFT_STANDARD_LIBRARIES = YES;
				BUNDLE_LOADER = "$(TEST_HOST)";
				DEVELOPMENT_TEAM = H4384M9Z5J;
				INFOPLIST_FILE = BFramework_swiftTests/Info.plist;
				LD_RUNPATH_SEARCH_PATHS = "$(inherited) @executable_path/Frameworks @loader_path/Frameworks";
				PRODUCT_BUNDLE_IDENTIFIER = "BMQ.BFramework-swiftTests";
				PRODUCT_NAME = "$(TARGET_NAME)";
				SWIFT_VERSION = 3.0;
				TEST_HOST = "$(BUILT_PRODUCTS_DIR)/BFramework_swift.app/BFramework_swift";
			};
			name = Debug;
		};
		7A7E09751F0248BD0072C968 /* Release */ = {
			isa = XCBuildConfiguration;
			buildSettings = {
				ALWAYS_EMBED_SWIFT_STANDARD_LIBRARIES = YES;
				BUNDLE_LOADER = "$(TEST_HOST)";
				DEVELOPMENT_TEAM = H4384M9Z5J;
				INFOPLIST_FILE = BFramework_swiftTests/Info.plist;
				LD_RUNPATH_SEARCH_PATHS = "$(inherited) @executable_path/Frameworks @loader_path/Frameworks";
				PRODUCT_BUNDLE_IDENTIFIER = "BMQ.BFramework-swiftTests";
				PRODUCT_NAME = "$(TARGET_NAME)";
				SWIFT_VERSION = 3.0;
				TEST_HOST = "$(BUILT_PRODUCTS_DIR)/BFramework_swift.app/BFramework_swift";
			};
			name = Release;
		};
		7A7E09771F0248BD0072C968 /* Debug */ = {
			isa = XCBuildConfiguration;
			buildSettings = {
				ALWAYS_EMBED_SWIFT_STANDARD_LIBRARIES = YES;
				DEVELOPMENT_TEAM = H4384M9Z5J;
				INFOPLIST_FILE = BFramework_swiftUITests/Info.plist;
				LD_RUNPATH_SEARCH_PATHS = "$(inherited) @executable_path/Frameworks @loader_path/Frameworks";
				PRODUCT_BUNDLE_IDENTIFIER = "BMQ.BFramework-swiftUITests";
				PRODUCT_NAME = "$(TARGET_NAME)";
				SWIFT_VERSION = 3.0;
				TEST_TARGET_NAME = BFramework_swift;
			};
			name = Debug;
		};
		7A7E09781F0248BD0072C968 /* Release */ = {
			isa = XCBuildConfiguration;
			buildSettings = {
				ALWAYS_EMBED_SWIFT_STANDARD_LIBRARIES = YES;
				DEVELOPMENT_TEAM = H4384M9Z5J;
				INFOPLIST_FILE = BFramework_swiftUITests/Info.plist;
				LD_RUNPATH_SEARCH_PATHS = "$(inherited) @executable_path/Frameworks @loader_path/Frameworks";
				PRODUCT_BUNDLE_IDENTIFIER = "BMQ.BFramework-swiftUITests";
				PRODUCT_NAME = "$(TARGET_NAME)";
				SWIFT_VERSION = 3.0;
				TEST_TARGET_NAME = BFramework_swift;
			};
			name = Release;
		};
/* End XCBuildConfiguration section */

/* Begin XCConfigurationList section */
		7A7E09431F0248BD0072C968 /* Build configuration list for PBXProject "BFramework_swift" */ = {
			isa = XCConfigurationList;
			buildConfigurations = (
				7A7E096E1F0248BD0072C968 /* Debug */,
				7A7E096F1F0248BD0072C968 /* Release */,
			);
			defaultConfigurationIsVisible = 0;
			defaultConfigurationName = Release;
		};
		7A7E09701F0248BD0072C968 /* Build configuration list for PBXNativeTarget "BFramework_swift" */ = {
			isa = XCConfigurationList;
			buildConfigurations = (
				7A7E09711F0248BD0072C968 /* Debug */,
				7A7E09721F0248BD0072C968 /* Release */,
			);
			defaultConfigurationIsVisible = 0;
			defaultConfigurationName = Release;
		};
		7A7E09731F0248BD0072C968 /* Build configuration list for PBXNativeTarget "BFramework_swiftTests" */ = {
			isa = XCConfigurationList;
			buildConfigurations = (
				7A7E09741F0248BD0072C968 /* Debug */,
				7A7E09751F0248BD0072C968 /* Release */,
			);
			defaultConfigurationIsVisible = 0;
			defaultConfigurationName = Release;
		};
		7A7E09761F0248BD0072C968 /* Build configuration list for PBXNativeTarget "BFramework_swiftUITests" */ = {
			isa = XCConfigurationList;
			buildConfigurations = (
				7A7E09771F0248BD0072C968 /* Debug */,
				7A7E09781F0248BD0072C968 /* Release */,
			);
			defaultConfigurationIsVisible = 0;
			defaultConfigurationName = Release;
		};
/* End XCConfigurationList section */
	};
	rootObject = 7A7E09401F0248BD0072C968 /* Project object */;
}
